{
  "version": 4,
  "terraform_version": "1.13.5",
  "serial": 40,
  "lineage": "d3e3d461-eab0-fd4e-ef44-fe5df1d8b823",
  "outputs": {
    "api_key_value": {
      "value": "milqb03NMF1Bmsc18vIh46BrNS75aBH28IXAMPxK",
      "type": "string",
      "sensitive": true
    },
    "order_queue_url": {
      "value": "https://sqs.us-east-1.amazonaws.com/866934333672/order-system-order-queue",
      "type": "string"
    },
    "orders_table": {
      "value": "order-system-orders",
      "type": "string"
    },
    "sns_topic_arn": {
      "value": "arn:aws:sns:us-east-1:866934333672:order-system-order-notifications",
      "type": "string"
    },
    "state_machine_arn": {
      "value": "arn:aws:states:us-east-1:866934333672:stateMachine:order-system-order-workflow",
      "type": "string"
    }
  },
  "resources": [
    {
      "mode": "data",
      "type": "archive_file",
      "name": "comp_refund_zip",
      "provider": "provider[\"registry.terraform.io/hashicorp/archive\"]",
      "instances": [
        {
          "schema_version": 0,
          "attributes": {
            "exclude_symlink_directories": null,
            "excludes": null,
            "id": "d8f8a6095743c2861d6e757d65daf13fc49a78d4",
            "output_base64sha256": "wMcehe5hx1rACqxqCn2ibSMWBOvMDBlMiq8eDfwRp+0=",
            "output_base64sha512": "0SNPOiOzti3ZlDMeNkywAOaUESkG3YgKBUrEXQr3YdMrBUL9akT+KiXeFKEoO7izjx5LuUG1y+i+DlK5HQygJA==",
            "output_file_mode": null,
            "output_md5": "e3ca7d12ea3325e2b7967fb8cc3d5c1c",
            "output_path": "./../build/compensate_refund.zip",
            "output_sha": "d8f8a6095743c2861d6e757d65daf13fc49a78d4",
            "output_sha256": "c0c71e85ee61c75ac00aac6a0a7da26d231604ebcc0c194c8aaf1e0dfc11a7ed",
            "output_sha512": "d1234f3a23b3b62dd994331e364cb000e694112906dd880a054ac45d0af761d32b0542fd6a44fe2a25de14a1283bb8b38f1e4bb941b5cbe8be0e52b91d0ca024",
            "output_size": 550,
            "source": [],
            "source_content": null,
            "source_content_filename": null,
            "source_dir": "./../src/compensate_refund",
            "source_file": null,
            "type": "zip"
          },
          "sensitive_attributes": [],
          "identity_schema_version": 0
        }
      ]
    },
    {
      "mode": "data",
      "type": "archive_file",
      "name": "comp_restock_zip",
      "provider": "provider[\"registry.terraform.io/hashicorp/archive\"]",
      "instances": [
        {
          "schema_version": 0,
          "attributes": {
            "exclude_symlink_directories": null,
            "excludes": null,
            "id": "be1686883b7f6deb8abb056cf81a755135725104",
            "output_base64sha256": "oSPgN2Ii3TexhHlvRYWuchINmD3KLv2y/+fUzCv+atk=",
            "output_base64sha512": "YtY5+jOMxPY3T+Ew/PfnF/PqgPUtXpky7Bi2yPa/UiorBy6t+qVVNjlzwxIxs1afHOfJaQsFvfMzU0hLoCfqOA==",
            "output_file_mode": null,
            "output_md5": "7b4972eaf3957e8bc8a0865658b7a241",
            "output_path": "./../build/compensate_restock.zip",
            "output_sha": "be1686883b7f6deb8abb056cf81a755135725104",
            "output_sha256": "a123e0376222dd37b184796f4585ae72120d983dca2efdb2ffe7d4cc2bfe6ad9",
            "output_sha512": "62d639fa338cc4f6374fe130fcf7e717f3ea80f52d5e9932ec18b6c8f6bf522a2b072eadfaa555363973c31231b3569f1ce7c9690b05bdf33353484ba027ea38",
            "output_size": 554,
            "source": [],
            "source_content": null,
            "source_content_filename": null,
            "source_dir": "./../src/compensate_restock",
            "source_file": null,
            "type": "zip"
          },
          "sensitive_attributes": [],
          "identity_schema_version": 0
        }
      ]
    },
    {
      "mode": "data",
      "type": "archive_file",
      "name": "create_order_zip",
      "provider": "provider[\"registry.terraform.io/hashicorp/archive\"]",
      "instances": [
        {
          "schema_version": 0,
          "attributes": {
            "exclude_symlink_directories": null,
            "excludes": null,
            "id": "2c261240b40255ddb8fb216d9e36fc1c3a141098",
            "output_base64sha256": "ztzIBfX/nAq1gRI1zxPe69vz+/FQteb4JCSzxjnn6HE=",
            "output_base64sha512": "r1I8amck3dDXnwle9EnHWKETRqHQwDHE/rPuGCiZVRSFP2HRCVrmWVm6TigD7SFN2iysHIN9HtdjEWGEZScy1Q==",
            "output_file_mode": null,
            "output_md5": "64756afb09697e4b76f7d5a8f4b877c6",
            "output_path": "./../build/create_order.zip",
            "output_sha": "2c261240b40255ddb8fb216d9e36fc1c3a141098",
            "output_sha256": "cedcc805f5ff9c0ab5811235cf13deebdbf3fbf150b5e6f82424b3c639e7e871",
            "output_sha512": "af523c6a6724ddd0d79f095ef449c758a11346a1d0c031c4feb3ee1828995514853f61d1095ae65959ba4e2803ed214dda2cac1c837d1ed763116184652732d5",
            "output_size": 1111,
            "source": [],
            "source_content": null,
            "source_content_filename": null,
            "source_dir": "./../src/create_order",
            "source_file": null,
            "type": "zip"
          },
          "sensitive_attributes": [],
          "identity_schema_version": 0
        }
      ]
    },
    {
      "mode": "data",
      "type": "archive_file",
      "name": "get_order_zip",
      "provider": "provider[\"registry.terraform.io/hashicorp/archive\"]",
      "instances": [
        {
          "schema_version": 0,
          "attributes": {
            "exclude_symlink_directories": null,
            "excludes": null,
            "id": "806b5373d9a648541a48e8edb973b043d98eb1c7",
            "output_base64sha256": "Op4hW8xd1INdj4NxnKGXp5cvIvXnTsQdyWl/iOxo9fw=",
            "output_base64sha512": "6VUuMt0UmYYY1/7XwCd5XNU8bChfn94jC3z4f1/TX5cTXgdLE3OLiyPreJcgdvahnT4PkQK4LxITA3sd42RbfQ==",
            "output_file_mode": null,
            "output_md5": "202b1d21829f211d73175f2a72b2e677",
            "output_path": "./../build/get_order.zip",
            "output_sha": "806b5373d9a648541a48e8edb973b043d98eb1c7",
            "output_sha256": "3a9e215bcc5dd4835d8f83719ca197a7972f22f5e74ec41dc9697f88ec68f5fc",
            "output_sha512": "e9552e32dd14998618d7fed7c027795cd53c6c285f9fde230b7cf87f5fd35f97135e074b13738b8b23eb78972076f6a19d3e0f9102b82f1213037b1de3645b7d",
            "output_size": 639,
            "source": [],
            "source_content": null,
            "source_content_filename": null,
            "source_dir": "./../src/get_order",
            "source_file": null,
            "type": "zip"
          },
          "sensitive_attributes": [],
          "identity_schema_version": 0
        }
      ]
    },
    {
      "mode": "data",
      "type": "archive_file",
      "name": "list_orders_zip",
      "provider": "provider[\"registry.terraform.io/hashicorp/archive\"]",
      "instances": [
        {
          "schema_version": 0,
          "attributes": {
            "exclude_symlink_directories": null,
            "excludes": null,
            "id": "b3b311acd85c9afa75307e3731e8b7315588d1eb",
            "output_base64sha256": "xRSPdh7a4g5KhSP0yTGtwbilbxagRvX0kOtzd7sNPao=",
            "output_base64sha512": "NmZnhS6wwR0gTJBnH5F1xAmk/3mhDkOdJj4vRU977HeyFf1vIIugGzOFGQ2rkB6kXStDyJ0+3kiuIGIBBCNNdA==",
            "output_file_mode": null,
            "output_md5": "4a88c140f9e4f38af30ebd7d6611f78f",
            "output_path": "./../build/list_orders.zip",
            "output_sha": "b3b311acd85c9afa75307e3731e8b7315588d1eb",
            "output_sha256": "c5148f761edae20e4a8523f4c931adc1b8a56f16a046f5f490eb7377bb0d3daa",
            "output_sha512": "366667852eb0c11d204c90671f9175c409a4ff79a10e439d263e2f454f7bec77b215fd6f208ba01b3385190dab901ea45d2b43c89d3ede48ae20620104234d74",
            "output_size": 792,
            "source": [],
            "source_content": null,
            "source_content_filename": null,
            "source_dir": "./../src/list_orders",
            "source_file": null,
            "type": "zip"
          },
          "sensitive_attributes": [],
          "identity_schema_version": 0
        }
      ]
    },
    {
      "mode": "data",
      "type": "archive_file",
      "name": "process_payment_zip",
      "provider": "provider[\"registry.terraform.io/hashicorp/archive\"]",
      "instances": [
        {
          "schema_version": 0,
          "attributes": {
            "exclude_symlink_directories": null,
            "excludes": null,
            "id": "1ba6e849b05b04e141b74a2cba2bb9747c4d7396",
            "output_base64sha256": "m2TcOlatfWYk0SINXUQx5eyqPIbzVVsELs9fav0J7is=",
            "output_base64sha512": "+n2lCdR8N76vH9+k9BpA02974pnso4P1E9MJZvBom/VTAuVrOSwDE0ZyRu2GmW73rfB7e/EEJIBloowrBoq9Dg==",
            "output_file_mode": null,
            "output_md5": "4756d13b5bd95ffb8fa913c3e841bd69",
            "output_path": "./../build/process_payment.zip",
            "output_sha": "1ba6e849b05b04e141b74a2cba2bb9747c4d7396",
            "output_sha256": "9b64dc3a56ad7d6624d1220d5d4431e5ecaa3c86f3555b042ecf5f6afd09ee2b",
            "output_sha512": "fa7da509d47c37beaf1fdfa4f41a40d36f7be299eca383f513d30966f0689bf55302e56b392c0313467246ed86996ef7adf07b7bf104248065a28c2b068abd0e",
            "output_size": 1161,
            "source": [],
            "source_content": null,
            "source_content_filename": null,
            "source_dir": "./../src/process_payment",
            "source_file": null,
            "type": "zip"
          },
          "sensitive_attributes": [],
          "identity_schema_version": 0
        }
      ]
    },
    {
      "mode": "data",
      "type": "archive_file",
      "name": "send_notification_zip",
      "provider": "provider[\"registry.terraform.io/hashicorp/archive\"]",
      "instances": [
        {
          "schema_version": 0,
          "attributes": {
            "exclude_symlink_directories": null,
            "excludes": null,
            "id": "2a06e2d2e9f30382d775f5081e5cdb9e8958325f",
            "output_base64sha256": "bZaKy3WbJM3yqeUL/RXnwceydXLPHOMMwubZwIb2oJo=",
            "output_base64sha512": "TkvLZ7HykhalvNF9FBMUB5f/75TQegMXfz9R9wV1q5fPyMXOJ3ahvzjuyBa6Ybs9uxdU0GJgkJD/0OWXWvb2qQ==",
            "output_file_mode": null,
            "output_md5": "38e9d9131db4634dba471ae7f540ce8c",
            "output_path": "./../build/send_notification.zip",
            "output_sha": "2a06e2d2e9f30382d775f5081e5cdb9e8958325f",
            "output_sha256": "6d968acb759b24cdf2a9e50bfd15e7c1c7b27572cf1ce30cc2e6d9c086f6a09a",
            "output_sha512": "4e4bcb67b1f29216a5bcd17d1413140797ffef94d07a03177f3f51f70575ab97cfc8c5ce2776a1bf38eec816ba61bb3dbb1754d062609090ffd0e5975af6f6a9",
            "output_size": 677,
            "source": [],
            "source_content": null,
            "source_content_filename": null,
            "source_dir": "./../src/send_notification",
            "source_file": null,
            "type": "zip"
          },
          "sensitive_attributes": [],
          "identity_schema_version": 0
        }
      ]
    },
    {
      "mode": "data",
      "type": "archive_file",
      "name": "update_inventory_zip",
      "provider": "provider[\"registry.terraform.io/hashicorp/archive\"]",
      "instances": [
        {
          "schema_version": 0,
          "attributes": {
            "exclude_symlink_directories": null,
            "excludes": null,
            "id": "8a613c05cf35c773fcf90f6481e93743b00521a0",
            "output_base64sha256": "5fBLrU8OFl3FcZRGMeFSGDaSB0ZmZAOb0U032ttrpa4=",
            "output_base64sha512": "JZAoAsUSOoO5WYWde3Up/dqTa3wkWPlJtJUdTzQUqNMFwU0JoEprc1CLAGmKhtlLxBQYe3dS2jSxffCqeG81sA==",
            "output_file_mode": null,
            "output_md5": "a36ae871c6039f4f06ccfc3581458640",
            "output_path": "./../build/update_inventory.zip",
            "output_sha": "8a613c05cf35c773fcf90f6481e93743b00521a0",
            "output_sha256": "e5f04bad4f0e165dc571944631e15218369207466664039bd14d37dadb6ba5ae",
            "output_sha512": "25902802c5123a83b959859d7b7529fdda936b7c2458f949b4951d4f3414a8d305c14d09a04a6b73508b00698a86d94bc414187b7752da34b17df0aa786f35b0",
            "output_size": 621,
            "source": [],
            "source_content": null,
            "source_content_filename": null,
            "source_dir": "./../src/update_inventory",
            "source_file": null,
            "type": "zip"
          },
          "sensitive_attributes": [],
          "identity_schema_version": 0
        }
      ]
    },
    {
      "mode": "data",
      "type": "aws_caller_identity",
      "name": "current",
      "provider": "provider[\"registry.terraform.io/hashicorp/aws\"]",
      "instances": [
        {
          "schema_version": 0,
          "attributes": {
            "account_id": "866934333672",
            "arn": "arn:aws:iam::866934333672:user/manvith-terraform-user",
            "id": "866934333672",
            "user_id": "AIDA4TWKQEDUOW2IWZ6LD"
          },
          "sensitive_attributes": [],
          "identity_schema_version": 0
        }
      ]
    },
    {
      "mode": "data",
      "type": "aws_region",
      "name": "current",
      "provider": "provider[\"registry.terraform.io/hashicorp/aws\"]",
      "instances": [
        {
          "schema_version": 0,
          "attributes": {
            "description": "US East (N. Virginia)",
            "endpoint": "ec2.us-east-1.amazonaws.com",
            "id": "us-east-1",
            "name": "us-east-1",
            "region": "us-east-1"
          },
          "sensitive_attributes": [],
          "identity_schema_version": 0
        }
      ]
    },
    {
      "mode": "managed",
      "type": "aws_api_gateway_api_key",
      "name": "client_key",
      "provider": "provider[\"registry.terraform.io/hashicorp/aws\"]",
      "instances": [
        {
          "schema_version": 0,
          "attributes": {
            "arn": "arn:aws:apigateway:us-east-1::/apikeys/xni811xbz3",
            "created_date": "2026-01-18T23:21:41Z",
            "customer_id": "",
            "description": "Managed by Terraform",
            "enabled": true,
            "id": "xni811xbz3",
            "last_updated_date": "2026-01-18T23:21:41Z",
            "name": "order-system-client-key",
            "region": "us-east-1",
            "tags": {},
            "tags_all": {
              "Owner": "manvith",
              "Project": "order-system"
            },
            "value": "milqb03NMF1Bmsc18vIh46BrNS75aBH28IXAMPxK"
          },
          "sensitive_attributes": [
            [
              {
                "type": "get_attr",
                "value": "value"
              }
            ]
          ],
          "identity_schema_version": 0,
          "private": "bnVsbA=="
        }
      ]
    },
    {
      "mode": "managed",
      "type": "aws_api_gateway_rest_api",
      "name": "api",
      "provider": "provider[\"registry.terraform.io/hashicorp/aws\"]",
      "instances": [
        {
          "status": "tainted",
          "schema_version": 0,
          "attributes": {
            "api_key_source": null,
            "arn": null,
            "binary_media_types": null,
            "body": "openapi: 3.0.1\r\ninfo:\r\n  title: Order System API\r\n  version: \"1.0\"\r\npaths:\r\n  /orders:\r\n    options:\r\n      summary: CORS support\r\n      responses:\r\n        \"200\":\r\n          description: Default response for CORS\r\n          headers:\r\n            Access-Control-Allow-Origin: { schema: { type: string } }\r\n            Access-Control-Allow-Headers: { schema: { type: string } }\r\n            Access-Control-Allow-Methods: { schema: { type: string } }\r\n      x-amazon-apigateway-integration:\r\n        type: mock\r\n        requestTemplates:\r\n          application/json: '{\"statusCode\": 200}'\r\n        responses:\r\n          default:\r\n            statusCode: \"200\"\r\n            responseParameters:\r\n              method.response.header.Access-Control-Allow-Origin: \"'*'\"\r\n              method.response.header.Access-Control-Allow-Headers: \"'Content-Type,X-Amz-Date,Authorization,X-Api-Key,X-Amz-Security-Token'\"\r\n              method.response.header.Access-Control-Allow-Methods: \"'OPTIONS,GET,POST'\"\r\n    post:\r\n      summary: Create order\r\n      security:\r\n        - api_key: []\r\n      requestBody:\r\n        required: true\r\n        content:\r\n          application/json:\r\n            schema:\r\n              $ref: \"#/components/schemas/CreateOrderRequest\"\r\n      responses:\r\n        \"200\":\r\n          description: Created\r\n      x-amazon-apigateway-integration:\r\n        httpMethod: POST\r\n        type: aws_proxy\r\n        uri: \"arn:aws:apigateway:us-east-1:lambda:path/2015-03-31/functions/arn:aws:apigateway:us-east-1:lambda:path/2015-03-31/functions/arn:aws:lambda:us-east-1:866934333672:function:order-system-create-order/invocations/invocations\"\r\n    get:\r\n      summary: List orders (optional status query)\r\n      security:\r\n        - api_key: []\r\n      parameters:\r\n        - name: status\r\n          in: query\r\n          schema: { type: string }\r\n          required: false\r\n      responses:\r\n        \"200\":\r\n          description: OK\r\n      x-amazon-apigateway-integration:\r\n        httpMethod: POST\r\n        type: aws_proxy\r\n        uri: \"arn:aws:apigateway:us-east-1:lambda:path/2015-03-31/functions/arn:aws:apigateway:us-east-1:lambda:path/2015-03-31/functions/arn:aws:lambda:us-east-1:866934333672:function:order-system-list-orders/invocations/invocations\"\r\n\r\n  /orders/{id}:\r\n    options:\r\n      summary: CORS support\r\n      parameters:\r\n        - name: id\r\n          in: path\r\n          required: true\r\n          schema: { type: string }\r\n      responses:\r\n        \"200\":\r\n          description: Default response for CORS\r\n          headers:\r\n            Access-Control-Allow-Origin: { schema: { type: string } }\r\n            Access-Control-Allow-Headers: { schema: { type: string } }\r\n            Access-Control-Allow-Methods: { schema: { type: string } }\r\n      x-amazon-apigateway-integration:\r\n        type: mock\r\n        requestTemplates:\r\n          application/json: '{\"statusCode\": 200}'\r\n        responses:\r\n          default:\r\n            statusCode: \"200\"\r\n            responseParameters:\r\n              method.response.header.Access-Control-Allow-Origin: \"'*'\"\r\n              method.response.header.Access-Control-Allow-Headers: \"'Content-Type,X-Amz-Date,Authorization,X-Api-Key,X-Amz-Security-Token'\"\r\n              method.response.header.Access-Control-Allow-Methods: \"'OPTIONS,GET'\"\r\n    get:\r\n      summary: Get order by id\r\n      security:\r\n        - api_key: []\r\n      parameters:\r\n        - name: id\r\n          in: path\r\n          required: true\r\n          schema: { type: string }\r\n      responses:\r\n        \"200\":\r\n          description: OK\r\n      x-amazon-apigateway-integration:\r\n        httpMethod: POST\r\n        type: aws_proxy\r\n        uri: \"arn:aws:apigateway:us-east-1:lambda:path/2015-03-31/functions/arn:aws:apigateway:us-east-1:lambda:path/2015-03-31/functions/arn:aws:lambda:us-east-1:866934333672:function:order-system-get-order/invocations/invocations\"\r\n\r\ncomponents:\r\n  securitySchemes:\r\n    api_key:\r\n      type: apiKey\r\n      name: x-api-key\r\n      in: header\r\n  schemas:\r\n    CreateOrderRequest:\r\n      type: object\r\n      required: [customerEmail, items, totalAmount]\r\n      properties:\r\n        customerEmail: { type: string }\r\n        items:\r\n          type: array\r\n          items:\r\n            type: object\r\n            required: [sku, qty]\r\n            properties:\r\n              sku: { type: string }\r\n              qty: { type: integer, minimum: 1 }\r\n        totalAmount: { type: number, minimum: 0 }\r\n",
            "created_date": null,
            "description": null,
            "disable_execute_api_endpoint": null,
            "endpoint_configuration": null,
            "execution_arn": null,
            "fail_on_warnings": null,
            "id": "3ws061y7vg",
            "minimum_compression_size": null,
            "name": "order-system-api",
            "parameters": null,
            "policy": null,
            "put_rest_api_mode": null,
            "region": "us-east-1",
            "root_resource_id": null,
            "tags": null,
            "tags_all": {
              "Owner": "manvith",
              "Project": "order-system"
            }
          },
          "sensitive_attributes": [],
          "identity_schema_version": 0,
          "private": "bnVsbA==",
          "dependencies": [
            "aws_cloudwatch_log_group.sfn_lg",
            "aws_dynamodb_table.orders",
            "aws_iam_role.lambda_exec",
            "aws_iam_role.sfn_exec",
            "aws_lambda_function.compensate_refund",
            "aws_lambda_function.compensate_restock",
            "aws_lambda_function.create_order",
            "aws_lambda_function.get_order",
            "aws_lambda_function.list_orders",
            "aws_lambda_function.send_notification",
            "aws_sfn_state_machine.order_workflow",
            "aws_sns_topic.order_notifications",
            "aws_sqs_queue.order_dlq",
            "aws_sqs_queue.order_queue",
            "data.archive_file.comp_refund_zip",
            "data.archive_file.comp_restock_zip",
            "data.archive_file.create_order_zip",
            "data.archive_file.get_order_zip",
            "data.archive_file.list_orders_zip",
            "data.archive_file.send_notification_zip"
          ],
          "create_before_destroy": true
        },
        {
          "status": "tainted",
          "deposed": "3a685d77",
          "schema_version": 0,
          "attributes": {
            "api_key_source": "HEADER",
            "arn": "arn:aws:apigateway:us-east-1::/restapis/pwp9wl6xp2",
            "binary_media_types": [],
            "body": "openapi: 3.0.1\r\ninfo:\r\n  title: Order System API\r\n  version: \"1.0\"\r\npaths:\r\n  /orders:\r\n    options:\r\n      summary: CORS support\r\n      responses:\r\n        \"200\":\r\n          description: Default response for CORS\r\n          headers:\r\n            Access-Control-Allow-Origin: { schema: { type: string } }\r\n            Access-Control-Allow-Headers: { schema: { type: string } }\r\n            Access-Control-Allow-Methods: { schema: { type: string } }\r\n      x-amazon-apigateway-integration:\r\n        type: mock\r\n        requestTemplates:\r\n          application/json: '{\"statusCode\": 200}'\r\n        responses:\r\n          default:\r\n            statusCode: \"200\"\r\n            responseParameters:\r\n              method.response.header.Access-Control-Allow-Origin: \"'*'\"\r\n              method.response.header.Access-Control-Allow-Headers: \"'Content-Type,X-Amz-Date,Authorization,X-Api-Key,X-Amz-Security-Token'\"\r\n              method.response.header.Access-Control-Allow-Methods: \"'OPTIONS,GET,POST'\"\r\n    post:\r\n      summary: Create order\r\n      security:\r\n        - api_key: []\r\n      requestBody:\r\n        required: true\r\n        content:\r\n          application/json:\r\n            schema:\r\n              $ref: \"#/components/schemas/CreateOrderRequest\"\r\n      responses:\r\n        \"200\":\r\n          description: Created\r\n      x-amazon-apigateway-integration:\r\n        httpMethod: POST\r\n        type: aws_proxy\r\n        uri: arn:aws:apigateway:us-east-1:lambda:path/2015-03-31/functions/arn:aws:apigateway:us-east-1:lambda:path/2015-03-31/functions/arn:aws:lambda:us-east-1:866934333672:function:order-system-create-order/invocations/invocations\r\n    get:\r\n      summary: List orders (optional status query)\r\n      security:\r\n        - api_key: []\r\n      parameters:\r\n        - name: status\r\n          in: query\r\n          schema: { type: string }\r\n          required: false\r\n      responses:\r\n        \"200\":\r\n          description: OK\r\n      x-amazon-apigateway-integration:\r\n        httpMethod: POST\r\n        type: aws_proxy\r\n        uri: arn:aws:apigateway:us-east-1:lambda:path/2015-03-31/functions/arn:aws:apigateway:us-east-1:lambda:path/2015-03-31/functions/arn:aws:lambda:us-east-1:866934333672:function:order-system-list-orders/invocations/invocations\r\n\r\n  /orders/{id}:\r\n    options:\r\n      summary: CORS support\r\n      parameters:\r\n        - name: id\r\n          in: path\r\n          required: true\r\n          schema: { type: string }\r\n      responses:\r\n        \"200\":\r\n          description: Default response for CORS\r\n          headers:\r\n            Access-Control-Allow-Origin: { schema: { type: string } }\r\n            Access-Control-Allow-Headers: { schema: { type: string } }\r\n            Access-Control-Allow-Methods: { schema: { type: string } }\r\n      x-amazon-apigateway-integration:\r\n        type: mock\r\n        requestTemplates:\r\n          application/json: '{\"statusCode\": 200}'\r\n        responses:\r\n          default:\r\n            statusCode: \"200\"\r\n            responseParameters:\r\n              method.response.header.Access-Control-Allow-Origin: \"'*'\"\r\n              method.response.header.Access-Control-Allow-Headers: \"'Content-Type,X-Amz-Date,Authorization,X-Api-Key,X-Amz-Security-Token'\"\r\n              method.response.header.Access-Control-Allow-Methods: \"'OPTIONS,GET'\"\r\n    get:\r\n      summary: Get order by id\r\n      security:\r\n        - api_key: []\r\n      parameters:\r\n        - name: id\r\n          in: path\r\n          required: true\r\n          schema: { type: string }\r\n      responses:\r\n        \"200\":\r\n          description: OK\r\n      x-amazon-apigateway-integration:\r\n        httpMethod: POST\r\n        type: aws_proxy\r\n        uri: arn:aws:apigateway:us-east-1:lambda:path/2015-03-31/functions/arn:aws:apigateway:us-east-1:lambda:path/2015-03-31/functions/arn:aws:lambda:us-east-1:866934333672:function:order-system-get-order/invocations/invocations\r\n\r\ncomponents:\r\n  securitySchemes:\r\n    api_key:\r\n      type: apiKey\r\n      name: x-api-key\r\n      in: header\r\n  schemas:\r\n    CreateOrderRequest:\r\n      type: object\r\n      required: [customerEmail, items, totalAmount]\r\n      properties:\r\n        customerEmail: { type: string }\r\n        items:\r\n          type: array\r\n          items:\r\n            type: object\r\n            required: [sku, qty]\r\n            properties:\r\n              sku: { type: string }\r\n              qty: { type: integer, minimum: 1 }\r\n        totalAmount: { type: number, minimum: 0 }\r\n",
            "created_date": "2026-01-18T23:32:36Z",
            "description": "",
            "disable_execute_api_endpoint": false,
            "endpoint_configuration": [
              {
                "ip_address_type": "ipv4",
                "types": [
                  "EDGE"
                ],
                "vpc_endpoint_ids": []
              }
            ],
            "execution_arn": "arn:aws:execute-api:us-east-1:866934333672:pwp9wl6xp2",
            "fail_on_warnings": null,
            "id": "pwp9wl6xp2",
            "minimum_compression_size": "",
            "name": "order-system-api",
            "parameters": null,
            "policy": "",
            "put_rest_api_mode": null,
            "region": "us-east-1",
            "root_resource_id": "2lh83qmvti",
            "tags": {},
            "tags_all": {
              "Owner": "manvith",
              "Project": "order-system"
            }
          },
          "sensitive_attributes": [],
          "identity_schema_version": 0,
          "private": "bnVsbA==",
          "dependencies": [
            "aws_cloudwatch_log_group.sfn_lg",
            "aws_dynamodb_table.orders",
            "aws_iam_role.lambda_exec",
            "aws_iam_role.sfn_exec",
            "aws_lambda_function.compensate_refund",
            "aws_lambda_function.compensate_restock",
            "aws_lambda_function.create_order",
            "aws_lambda_function.get_order",
            "aws_lambda_function.list_orders",
            "aws_lambda_function.send_notification",
            "aws_sfn_state_machine.order_workflow",
            "aws_sns_topic.order_notifications",
            "aws_sqs_queue.order_dlq",
            "aws_sqs_queue.order_queue",
            "data.archive_file.comp_refund_zip",
            "data.archive_file.comp_restock_zip",
            "data.archive_file.create_order_zip",
            "data.archive_file.get_order_zip",
            "data.archive_file.list_orders_zip",
            "data.archive_file.send_notification_zip"
          ],
          "create_before_destroy": true
        },
        {
          "status": "tainted",
          "deposed": "3ce73512",
          "schema_version": 0,
          "attributes": {
            "api_key_source": "HEADER",
            "arn": "arn:aws:apigateway:us-east-1::/restapis/9a5yutn2vj",
            "binary_media_types": [],
            "body": "openapi: 3.0.1\r\ninfo:\r\n  title: Order System API\r\n  version: \"1.0\"\r\npaths:\r\n  /orders:\r\n    options:\r\n      summary: CORS support\r\n      responses:\r\n        \"200\":\r\n          description: Default response for CORS\r\n          headers:\r\n            Access-Control-Allow-Origin: { schema: { type: string } }\r\n            Access-Control-Allow-Headers: { schema: { type: string } }\r\n            Access-Control-Allow-Methods: { schema: { type: string } }\r\n      x-amazon-apigateway-integration:\r\n        type: mock\r\n        requestTemplates:\r\n          application/json: '{\"statusCode\": 200}'\r\n        responses:\r\n          default:\r\n            statusCode: \"200\"\r\n            responseParameters:\r\n              method.response.header.Access-Control-Allow-Origin: \"'*'\"\r\n              method.response.header.Access-Control-Allow-Headers: \"'Content-Type,X-Amz-Date,Authorization,X-Api-Key,X-Amz-Security-Token'\"\r\n              method.response.header.Access-Control-Allow-Methods: \"'OPTIONS,GET,POST'\"\r\n    post:\r\n      summary: Create order\r\n      security:\r\n        - api_key: []\r\n      requestBody:\r\n        required: true\r\n        content:\r\n          application/json:\r\n            schema:\r\n              $ref: \"#/components/schemas/CreateOrderRequest\"\r\n      responses:\r\n        \"200\":\r\n          description: Created\r\n      x-amazon-apigateway-integration:\r\n        httpMethod: POST\r\n        type: aws_proxy\r\n        uri: \"arn:aws:apigateway:us-east-1:lambda:path/2015-03-31/functions/arn:aws:apigateway:us-east-1:lambda:path/2015-03-31/functions/arn:aws:lambda:us-east-1:866934333672:function:order-system-create-order/invocations/invocations\"\r\n    get:\r\n      summary: List orders (optional status query)\r\n      security:\r\n        - api_key: []\r\n      parameters:\r\n        - name: status\r\n          in: query\r\n          schema: { type: string }\r\n          required: false\r\n      responses:\r\n        \"200\":\r\n          description: OK\r\n      x-amazon-apigateway-integration:\r\n        httpMethod: POST\r\n        type: aws_proxy\r\n        uri: \"arn:aws:apigateway:us-east-1:lambda:path/2015-03-31/functions/arn:aws:apigateway:us-east-1:lambda:path/2015-03-31/functions/arn:aws:lambda:us-east-1:866934333672:function:order-system-list-orders/invocations/invocations\"\r\n\r\n  /orders/{id}:\r\n    options:\r\n      summary: CORS support\r\n      parameters:\r\n        - name: id\r\n          in: path\r\n          required: true\r\n          schema: { type: string }\r\n      responses:\r\n        \"200\":\r\n          description: Default response for CORS\r\n          headers:\r\n            Access-Control-Allow-Origin: { schema: { type: string } }\r\n            Access-Control-Allow-Headers: { schema: { type: string } }\r\n            Access-Control-Allow-Methods: { schema: { type: string } }\r\n      x-amazon-apigateway-integration:\r\n        type: mock\r\n        requestTemplates:\r\n          application/json: '{\"statusCode\": 200}'\r\n        responses:\r\n          default:\r\n            statusCode: \"200\"\r\n            responseParameters:\r\n              method.response.header.Access-Control-Allow-Origin: \"'*'\"\r\n              method.response.header.Access-Control-Allow-Headers: \"'Content-Type,X-Amz-Date,Authorization,X-Api-Key,X-Amz-Security-Token'\"\r\n              method.response.header.Access-Control-Allow-Methods: \"'OPTIONS,GET'\"\r\n    get:\r\n      summary: Get order by id\r\n      security:\r\n        - api_key: []\r\n      parameters:\r\n        - name: id\r\n          in: path\r\n          required: true\r\n          schema: { type: string }\r\n      responses:\r\n        \"200\":\r\n          description: OK\r\n      x-amazon-apigateway-integration:\r\n        httpMethod: POST\r\n        type: aws_proxy\r\n        uri: \"arn:aws:apigateway:us-east-1:lambda:path/2015-03-31/functions/arn:aws:apigateway:us-east-1:lambda:path/2015-03-31/functions/arn:aws:lambda:us-east-1:866934333672:function:order-system-get-order/invocations/invocations\"\r\n\r\ncomponents:\r\n  securitySchemes:\r\n    api_key:\r\n      type: apiKey\r\n      name: x-api-key\r\n      in: header\r\n  schemas:\r\n    CreateOrderRequest:\r\n      type: object\r\n      required: [customerEmail, items, totalAmount]\r\n      properties:\r\n        customerEmail: { type: string }\r\n        items:\r\n          type: array\r\n          items:\r\n            type: object\r\n            required: [sku, qty]\r\n            properties:\r\n              sku: { type: string }\r\n              qty: { type: integer, minimum: 1 }\r\n        totalAmount: { type: number, minimum: 0 }\r\n",
            "created_date": "2026-01-18T23:35:53Z",
            "description": "",
            "disable_execute_api_endpoint": false,
            "endpoint_configuration": [
              {
                "ip_address_type": "ipv4",
                "types": [
                  "EDGE"
                ],
                "vpc_endpoint_ids": []
              }
            ],
            "execution_arn": "arn:aws:execute-api:us-east-1:866934333672:9a5yutn2vj",
            "fail_on_warnings": null,
            "id": "9a5yutn2vj",
            "minimum_compression_size": "",
            "name": "order-system-api",
            "parameters": null,
            "policy": "",
            "put_rest_api_mode": null,
            "region": "us-east-1",
            "root_resource_id": "a0iz75p8t8",
            "tags": {},
            "tags_all": {
              "Owner": "manvith",
              "Project": "order-system"
            }
          },
          "sensitive_attributes": [],
          "identity_schema_version": 0,
          "private": "bnVsbA==",
          "dependencies": [
            "aws_cloudwatch_log_group.sfn_lg",
            "aws_dynamodb_table.orders",
            "aws_iam_role.lambda_exec",
            "aws_iam_role.sfn_exec",
            "aws_lambda_function.compensate_refund",
            "aws_lambda_function.compensate_restock",
            "aws_lambda_function.create_order",
            "aws_lambda_function.get_order",
            "aws_lambda_function.list_orders",
            "aws_lambda_function.send_notification",
            "aws_sfn_state_machine.order_workflow",
            "aws_sns_topic.order_notifications",
            "aws_sqs_queue.order_dlq",
            "aws_sqs_queue.order_queue",
            "data.archive_file.comp_refund_zip",
            "data.archive_file.comp_restock_zip",
            "data.archive_file.create_order_zip",
            "data.archive_file.get_order_zip",
            "data.archive_file.list_orders_zip",
            "data.archive_file.send_notification_zip"
          ],
          "create_before_destroy": true
        },
        {
          "status": "tainted",
          "deposed": "5db848c3",
          "schema_version": 0,
          "attributes": {
            "api_key_source": "HEADER",
            "arn": "arn:aws:apigateway:us-east-1::/restapis/eurix6763m",
            "binary_media_types": [],
            "body": "openapi: 3.0.1\r\ninfo:\r\n  title: Order System API\r\n  version: \"1.0\"\r\npaths:\r\n  /orders:\r\n    options:\r\n      summary: CORS support\r\n      responses:\r\n        \"200\":\r\n          description: Default response for CORS\r\n          headers:\r\n            Access-Control-Allow-Origin: { schema: { type: string } }\r\n            Access-Control-Allow-Headers: { schema: { type: string } }\r\n            Access-Control-Allow-Methods: { schema: { type: string } }\r\n      x-amazon-apigateway-integration:\r\n        type: mock\r\n        requestTemplates:\r\n          application/json: '{\"statusCode\": 200}'\r\n        responses:\r\n          default:\r\n            statusCode: \"200\"\r\n            responseParameters:\r\n              method.response.header.Access-Control-Allow-Origin: \"'*'\"\r\n              method.response.header.Access-Control-Allow-Headers: \"'Content-Type,X-Amz-Date,Authorization,X-Api-Key,X-Amz-Security-Token'\"\r\n              method.response.header.Access-Control-Allow-Methods: \"'OPTIONS,GET,POST'\"\r\n    post:\r\n      summary: Create order\r\n      security:\r\n        - api_key: []\r\n      requestBody:\r\n        required: true\r\n        content:\r\n          application/json:\r\n            schema:\r\n              $ref: \"#/components/schemas/CreateOrderRequest\"\r\n      responses:\r\n        \"200\":\r\n          description: Created\r\n      x-amazon-apigateway-integration:\r\n        httpMethod: POST\r\n        type: aws_proxy\r\n        uri: arn:aws:apigateway:${region}:lambda:path/2015-03-31/functions/${create_order_arn}/invocations\r\n    get:\r\n      summary: List orders (optional status query)\r\n      security:\r\n        - api_key: []\r\n      parameters:\r\n        - name: status\r\n          in: query\r\n          schema: { type: string }\r\n          required: false\r\n      responses:\r\n        \"200\":\r\n          description: OK\r\n      x-amazon-apigateway-integration:\r\n        httpMethod: POST\r\n        type: aws_proxy\r\n        uri: arn:aws:apigateway:${region}:lambda:path/2015-03-31/functions/${list_orders_arn}/invocations\r\n\r\n  /orders/{id}:\r\n    options:\r\n      summary: CORS support\r\n      parameters:\r\n        - name: id\r\n          in: path\r\n          required: true\r\n          schema: { type: string }\r\n      responses:\r\n        \"200\":\r\n          description: Default response for CORS\r\n          headers:\r\n            Access-Control-Allow-Origin: { schema: { type: string } }\r\n            Access-Control-Allow-Headers: { schema: { type: string } }\r\n            Access-Control-Allow-Methods: { schema: { type: string } }\r\n      x-amazon-apigateway-integration:\r\n        type: mock\r\n        requestTemplates:\r\n          application/json: '{\"statusCode\": 200}'\r\n        responses:\r\n          default:\r\n            statusCode: \"200\"\r\n            responseParameters:\r\n              method.response.header.Access-Control-Allow-Origin: \"'*'\"\r\n              method.response.header.Access-Control-Allow-Headers: \"'Content-Type,X-Amz-Date,Authorization,X-Api-Key,X-Amz-Security-Token'\"\r\n              method.response.header.Access-Control-Allow-Methods: \"'OPTIONS,GET'\"\r\n    get:\r\n      summary: Get order by id\r\n      security:\r\n        - api_key: []\r\n      parameters:\r\n        - name: id\r\n          in: path\r\n          required: true\r\n          schema: { type: string }\r\n      responses:\r\n        \"200\":\r\n          description: OK\r\n      x-amazon-apigateway-integration:\r\n        httpMethod: POST\r\n        type: aws_proxy\r\n        uri: arn:aws:apigateway:${region}:lambda:path/2015-03-31/functions/${get_order_arn}/invocations\r\n\r\ncomponents:\r\n  securitySchemes:\r\n    api_key:\r\n      type: apiKey\r\n      name: x-api-key\r\n      in: header\r\n  schemas:\r\n    CreateOrderRequest:\r\n      type: object\r\n      required: [customerEmail, items, totalAmount]\r\n      properties:\r\n        customerEmail: { type: string }\r\n        items:\r\n          type: array\r\n          items:\r\n            type: object\r\n            required: [sku, qty]\r\n            properties:\r\n              sku: { type: string }\r\n              qty: { type: integer, minimum: 1 }\r\n        totalAmount: { type: number, minimum: 0 }\r\n",
            "created_date": "2026-01-18T23:21:41Z",
            "description": "",
            "disable_execute_api_endpoint": false,
            "endpoint_configuration": [
              {
                "ip_address_type": "ipv4",
                "types": [
                  "EDGE"
                ],
                "vpc_endpoint_ids": []
              }
            ],
            "execution_arn": "arn:aws:execute-api:us-east-1:866934333672:eurix6763m",
            "fail_on_warnings": null,
            "id": "eurix6763m",
            "minimum_compression_size": "",
            "name": "order-system-api",
            "parameters": null,
            "policy": "",
            "put_rest_api_mode": null,
            "region": "us-east-1",
            "root_resource_id": "uk44p21nd3",
            "tags": {},
            "tags_all": {
              "Owner": "manvith",
              "Project": "order-system"
            }
          },
          "sensitive_attributes": [],
          "identity_schema_version": 0,
          "private": "bnVsbA==",
          "dependencies": [
            "aws_cloudwatch_log_group.sfn_lg",
            "aws_dynamodb_table.orders",
            "aws_iam_role.lambda_exec",
            "aws_iam_role.sfn_exec",
            "aws_lambda_function.compensate_refund",
            "aws_lambda_function.compensate_restock",
            "aws_lambda_function.create_order",
            "aws_lambda_function.get_order",
            "aws_lambda_function.list_orders",
            "aws_lambda_function.send_notification",
            "aws_sfn_state_machine.order_workflow",
            "aws_sns_topic.order_notifications",
            "aws_sqs_queue.order_dlq",
            "aws_sqs_queue.order_queue",
            "data.archive_file.comp_refund_zip",
            "data.archive_file.comp_restock_zip",
            "data.archive_file.create_order_zip",
            "data.archive_file.get_order_zip",
            "data.archive_file.list_orders_zip",
            "data.archive_file.send_notification_zip"
          ],
          "create_before_destroy": true
        }
      ]
    },
    {
      "mode": "managed",
      "type": "aws_cloudwatch_log_group",
      "name": "lg_create",
      "provider": "provider[\"registry.terraform.io/hashicorp/aws\"]",
      "instances": [
        {
          "schema_version": 0,
          "attributes": {
            "arn": "arn:aws:logs:us-east-1:866934333672:log-group:/aws/lambda/order-system-create-order",
            "deletion_protection_enabled": false,
            "id": "/aws/lambda/order-system-create-order",
            "kms_key_id": "",
            "log_group_class": "STANDARD",
            "name": "/aws/lambda/order-system-create-order",
            "name_prefix": "",
            "region": "us-east-1",
            "retention_in_days": 14,
            "skip_destroy": false,
            "tags": {},
            "tags_all": {
              "Owner": "manvith",
              "Project": "order-system"
            }
          },
          "sensitive_attributes": [],
          "identity_schema_version": 0,
          "identity": {
            "account_id": "866934333672",
            "name": "/aws/lambda/order-system-create-order",
            "region": "us-east-1"
          },
          "private": "bnVsbA==",
          "dependencies": [
            "aws_cloudwatch_log_group.sfn_lg",
            "aws_dynamodb_table.orders",
            "aws_iam_role.lambda_exec",
            "aws_iam_role.sfn_exec",
            "aws_lambda_function.compensate_refund",
            "aws_lambda_function.compensate_restock",
            "aws_lambda_function.create_order",
            "aws_lambda_function.send_notification",
            "aws_sfn_state_machine.order_workflow",
            "aws_sns_topic.order_notifications",
            "aws_sqs_queue.order_dlq",
            "aws_sqs_queue.order_queue",
            "data.archive_file.comp_refund_zip",
            "data.archive_file.comp_restock_zip",
            "data.archive_file.create_order_zip",
            "data.archive_file.send_notification_zip"
          ]
        }
      ]
    },
    {
      "mode": "managed",
      "type": "aws_cloudwatch_log_group",
      "name": "lg_get",
      "provider": "provider[\"registry.terraform.io/hashicorp/aws\"]",
      "instances": [
        {
          "schema_version": 0,
          "attributes": {
            "arn": "arn:aws:logs:us-east-1:866934333672:log-group:/aws/lambda/order-system-get-order",
            "deletion_protection_enabled": false,
            "id": "/aws/lambda/order-system-get-order",
            "kms_key_id": "",
            "log_group_class": "STANDARD",
            "name": "/aws/lambda/order-system-get-order",
            "name_prefix": "",
            "region": "us-east-1",
            "retention_in_days": 14,
            "skip_destroy": false,
            "tags": {},
            "tags_all": {
              "Owner": "manvith",
              "Project": "order-system"
            }
          },
          "sensitive_attributes": [],
          "identity_schema_version": 0,
          "identity": {
            "account_id": "866934333672",
            "name": "/aws/lambda/order-system-get-order",
            "region": "us-east-1"
          },
          "private": "bnVsbA==",
          "dependencies": [
            "aws_dynamodb_table.orders",
            "aws_iam_role.lambda_exec",
            "aws_lambda_function.get_order",
            "data.archive_file.get_order_zip"
          ]
        }
      ]
    },
    {
      "mode": "managed",
      "type": "aws_cloudwatch_log_group",
      "name": "lg_inv",
      "provider": "provider[\"registry.terraform.io/hashicorp/aws\"]",
      "instances": [
        {
          "schema_version": 0,
          "attributes": {
            "arn": "arn:aws:logs:us-east-1:866934333672:log-group:/aws/lambda/order-system-update-inventory",
            "deletion_protection_enabled": false,
            "id": "/aws/lambda/order-system-update-inventory",
            "kms_key_id": "",
            "log_group_class": "STANDARD",
            "name": "/aws/lambda/order-system-update-inventory",
            "name_prefix": "",
            "region": "us-east-1",
            "retention_in_days": 14,
            "skip_destroy": false,
            "tags": {},
            "tags_all": {
              "Owner": "manvith",
              "Project": "order-system"
            }
          },
          "sensitive_attributes": [],
          "identity_schema_version": 0,
          "identity": {
            "account_id": "866934333672",
            "name": "/aws/lambda/order-system-update-inventory",
            "region": "us-east-1"
          },
          "private": "bnVsbA==",
          "dependencies": [
            "aws_dynamodb_table.orders",
            "aws_iam_role.lambda_exec",
            "aws_lambda_function.update_inventory",
            "data.archive_file.update_inventory_zip"
          ]
        }
      ]
    },
    {
      "mode": "managed",
      "type": "aws_cloudwatch_log_group",
      "name": "lg_list",
      "provider": "provider[\"registry.terraform.io/hashicorp/aws\"]",
      "instances": [
        {
          "schema_version": 0,
          "attributes": {
            "arn": "arn:aws:logs:us-east-1:866934333672:log-group:/aws/lambda/order-system-list-orders",
            "deletion_protection_enabled": false,
            "id": "/aws/lambda/order-system-list-orders",
            "kms_key_id": "",
            "log_group_class": "STANDARD",
            "name": "/aws/lambda/order-system-list-orders",
            "name_prefix": "",
            "region": "us-east-1",
            "retention_in_days": 14,
            "skip_destroy": false,
            "tags": {},
            "tags_all": {
              "Owner": "manvith",
              "Project": "order-system"
            }
          },
          "sensitive_attributes": [],
          "identity_schema_version": 0,
          "identity": {
            "account_id": "866934333672",
            "name": "/aws/lambda/order-system-list-orders",
            "region": "us-east-1"
          },
          "private": "bnVsbA==",
          "dependencies": [
            "aws_dynamodb_table.orders",
            "aws_iam_role.lambda_exec",
            "aws_lambda_function.list_orders",
            "data.archive_file.list_orders_zip"
          ]
        }
      ]
    },
    {
      "mode": "managed",
      "type": "aws_cloudwatch_log_group",
      "name": "lg_notif",
      "provider": "provider[\"registry.terraform.io/hashicorp/aws\"]",
      "instances": [
        {
          "schema_version": 0,
          "attributes": {
            "arn": "arn:aws:logs:us-east-1:866934333672:log-group:/aws/lambda/order-system-send-notification",
            "deletion_protection_enabled": false,
            "id": "/aws/lambda/order-system-send-notification",
            "kms_key_id": "",
            "log_group_class": "STANDARD",
            "name": "/aws/lambda/order-system-send-notification",
            "name_prefix": "",
            "region": "us-east-1",
            "retention_in_days": 14,
            "skip_destroy": false,
            "tags": {},
            "tags_all": {
              "Owner": "manvith",
              "Project": "order-system"
            }
          },
          "sensitive_attributes": [],
          "identity_schema_version": 0,
          "identity": {
            "account_id": "866934333672",
            "name": "/aws/lambda/order-system-send-notification",
            "region": "us-east-1"
          },
          "private": "bnVsbA==",
          "dependencies": [
            "aws_dynamodb_table.orders",
            "aws_iam_role.lambda_exec",
            "aws_lambda_function.send_notification",
            "aws_sns_topic.order_notifications",
            "data.archive_file.send_notification_zip"
          ]
        }
      ]
    },
    {
      "mode": "managed",
      "type": "aws_cloudwatch_log_group",
      "name": "lg_proc",
      "provider": "provider[\"registry.terraform.io/hashicorp/aws\"]",
      "instances": [
        {
          "schema_version": 0,
          "attributes": {
            "arn": "arn:aws:logs:us-east-1:866934333672:log-group:/aws/lambda/order-system-process-payment",
            "deletion_protection_enabled": false,
            "id": "/aws/lambda/order-system-process-payment",
            "kms_key_id": "",
            "log_group_class": "STANDARD",
            "name": "/aws/lambda/order-system-process-payment",
            "name_prefix": "",
            "region": "us-east-1",
            "retention_in_days": 14,
            "skip_destroy": false,
            "tags": {},
            "tags_all": {
              "Owner": "manvith",
              "Project": "order-system"
            }
          },
          "sensitive_attributes": [],
          "identity_schema_version": 0,
          "identity": {
            "account_id": "866934333672",
            "name": "/aws/lambda/order-system-process-payment",
            "region": "us-east-1"
          },
          "private": "bnVsbA==",
          "dependencies": [
            "aws_dynamodb_table.orders",
            "aws_iam_role.lambda_exec",
            "aws_lambda_function.process_payment",
            "aws_lambda_function.update_inventory",
            "data.archive_file.process_payment_zip",
            "data.archive_file.update_inventory_zip"
          ]
        }
      ]
    },
    {
      "mode": "managed",
      "type": "aws_cloudwatch_log_group",
      "name": "lg_ref",
      "provider": "provider[\"registry.terraform.io/hashicorp/aws\"]",
      "instances": [
        {
          "schema_version": 0,
          "attributes": {
            "arn": "arn:aws:logs:us-east-1:866934333672:log-group:/aws/lambda/order-system-compensate-refund",
            "deletion_protection_enabled": false,
            "id": "/aws/lambda/order-system-compensate-refund",
            "kms_key_id": "",
            "log_group_class": "STANDARD",
            "name": "/aws/lambda/order-system-compensate-refund",
            "name_prefix": "",
            "region": "us-east-1",
            "retention_in_days": 14,
            "skip_destroy": false,
            "tags": {},
            "tags_all": {
              "Owner": "manvith",
              "Project": "order-system"
            }
          },
          "sensitive_attributes": [],
          "identity_schema_version": 0,
          "identity": {
            "account_id": "866934333672",
            "name": "/aws/lambda/order-system-compensate-refund",
            "region": "us-east-1"
          },
          "private": "bnVsbA==",
          "dependencies": [
            "aws_dynamodb_table.orders",
            "aws_iam_role.lambda_exec",
            "aws_lambda_function.compensate_refund",
            "data.archive_file.comp_refund_zip"
          ]
        }
      ]
    },
    {
      "mode": "managed",
      "type": "aws_cloudwatch_log_group",
      "name": "lg_res",
      "provider": "provider[\"registry.terraform.io/hashicorp/aws\"]",
      "instances": [
        {
          "schema_version": 0,
          "attributes": {
            "arn": "arn:aws:logs:us-east-1:866934333672:log-group:/aws/lambda/order-system-compensate-restock",
            "deletion_protection_enabled": false,
            "id": "/aws/lambda/order-system-compensate-restock",
            "kms_key_id": "",
            "log_group_class": "STANDARD",
            "name": "/aws/lambda/order-system-compensate-restock",
            "name_prefix": "",
            "region": "us-east-1",
            "retention_in_days": 14,
            "skip_destroy": false,
            "tags": {},
            "tags_all": {
              "Owner": "manvith",
              "Project": "order-system"
            }
          },
          "sensitive_attributes": [],
          "identity_schema_version": 0,
          "identity": {
            "account_id": "866934333672",
            "name": "/aws/lambda/order-system-compensate-restock",
            "region": "us-east-1"
          },
          "private": "bnVsbA==",
          "dependencies": [
            "aws_dynamodb_table.orders",
            "aws_iam_role.lambda_exec",
            "aws_lambda_function.compensate_restock",
            "data.archive_file.comp_restock_zip"
          ]
        }
      ]
    },
    {
      "mode": "managed",
      "type": "aws_cloudwatch_log_group",
      "name": "sfn_lg",
      "provider": "provider[\"registry.terraform.io/hashicorp/aws\"]",
      "instances": [
        {
          "schema_version": 0,
          "attributes": {
            "arn": "arn:aws:logs:us-east-1:866934333672:log-group:/aws/vendedlogs/states/order-system-order-workflow",
            "deletion_protection_enabled": false,
            "id": "/aws/vendedlogs/states/order-system-order-workflow",
            "kms_key_id": "",
            "log_group_class": "STANDARD",
            "name": "/aws/vendedlogs/states/order-system-order-workflow",
            "name_prefix": "",
            "region": "us-east-1",
            "retention_in_days": 14,
            "skip_destroy": false,
            "tags": {},
            "tags_all": {
              "Owner": "manvith",
              "Project": "order-system"
            }
          },
          "sensitive_attributes": [],
          "identity_schema_version": 0,
          "identity": {
            "account_id": "866934333672",
            "name": "/aws/vendedlogs/states/order-system-order-workflow",
            "region": "us-east-1"
          },
          "private": "bnVsbA==",
          "create_before_destroy": true
        }
      ]
    },
    {
      "mode": "managed",
      "type": "aws_cloudwatch_log_metric_filter",
      "name": "order_created_metric",
      "provider": "provider[\"registry.terraform.io/hashicorp/aws\"]",
      "instances": [
        {
          "schema_version": 0,
          "attributes": {
            "apply_on_transformed_logs": false,
            "id": "order-system-order-created",
            "log_group_name": "/aws/lambda/order-system-create-order",
            "metric_transformation": [
              {
                "default_value": "",
                "dimensions": {},
                "name": "OrdersCreated",
                "namespace": "order-system/Custom",
                "unit": "None",
                "value": "1"
              }
            ],
            "name": "order-system-order-created",
            "pattern": "ORDER_CREATED",
            "region": "us-east-1"
          },
          "sensitive_attributes": [],
          "identity_schema_version": 0,
          "private": "bnVsbA==",
          "dependencies": [
            "aws_cloudwatch_log_group.lg_create",
            "aws_cloudwatch_log_group.sfn_lg",
            "aws_dynamodb_table.orders",
            "aws_iam_role.lambda_exec",
            "aws_iam_role.sfn_exec",
            "aws_lambda_function.compensate_refund",
            "aws_lambda_function.compensate_restock",
            "aws_lambda_function.create_order",
            "aws_lambda_function.send_notification",
            "aws_sfn_state_machine.order_workflow",
            "aws_sns_topic.order_notifications",
            "aws_sqs_queue.order_dlq",
            "aws_sqs_queue.order_queue",
            "data.archive_file.comp_refund_zip",
            "data.archive_file.comp_restock_zip",
            "data.archive_file.create_order_zip",
            "data.archive_file.send_notification_zip"
          ]
        }
      ]
    },
    {
      "mode": "managed",
      "type": "aws_cloudwatch_metric_alarm",
      "name": "dlq_alarm",
      "provider": "provider[\"registry.terraform.io/hashicorp/aws\"]",
      "instances": [
        {
          "schema_version": 1,
          "attributes": {
            "actions_enabled": true,
            "alarm_actions": [],
            "alarm_description": "",
            "alarm_name": "order-system-dlq-visible-messages",
            "arn": "arn:aws:cloudwatch:us-east-1:866934333672:alarm:order-system-dlq-visible-messages",
            "comparison_operator": "GreaterThanThreshold",
            "datapoints_to_alarm": 0,
            "dimensions": {
              "QueueName": "order-system-order-dlq"
            },
            "evaluate_low_sample_count_percentiles": "",
            "evaluation_periods": 1,
            "extended_statistic": "",
            "id": "order-system-dlq-visible-messages",
            "insufficient_data_actions": [],
            "metric_name": "ApproximateNumberOfMessagesVisible",
            "metric_query": [],
            "namespace": "AWS/SQS",
            "ok_actions": [],
            "period": 60,
            "region": "us-east-1",
            "statistic": "Sum",
            "tags": {},
            "tags_all": {
              "Owner": "manvith",
              "Project": "order-system"
            },
            "threshold": 0,
            "threshold_metric_id": "",
            "treat_missing_data": "missing",
            "unit": ""
          },
          "sensitive_attributes": [],
          "identity_schema_version": 0,
          "identity": {
            "account_id": "866934333672",
            "alarm_name": "order-system-dlq-visible-messages",
            "region": "us-east-1"
          },
          "private": "eyJzY2hlbWFfdmVyc2lvbiI6IjEifQ==",
          "dependencies": [
            "aws_sqs_queue.order_dlq"
          ]
        }
      ]
    },
    {
      "mode": "managed",
      "type": "aws_dynamodb_table",
      "name": "orders",
      "provider": "provider[\"registry.terraform.io/hashicorp/aws\"]",
      "instances": [
        {
          "schema_version": 1,
          "attributes": {
            "arn": "arn:aws:dynamodb:us-east-1:866934333672:table/order-system-orders",
            "attribute": [
              {
                "name": "gsi1pk",
                "type": "S"
              },
              {
                "name": "gsi1sk",
                "type": "S"
              },
              {
                "name": "pk",
                "type": "S"
              },
              {
                "name": "sk",
                "type": "S"
              }
            ],
            "billing_mode": "PAY_PER_REQUEST",
            "deletion_protection_enabled": false,
            "global_secondary_index": [
              {
                "hash_key": "gsi1pk",
                "name": "gsi_status",
                "non_key_attributes": [],
                "on_demand_throughput": [],
                "projection_type": "ALL",
                "range_key": "gsi1sk",
                "read_capacity": 0,
                "warm_throughput": [],
                "write_capacity": 0
              }
            ],
            "global_table_witness": [],
            "hash_key": "pk",
            "id": "order-system-orders",
            "import_table": [],
            "local_secondary_index": [],
            "name": "order-system-orders",
            "on_demand_throughput": [],
            "point_in_time_recovery": [
              {
                "enabled": true,
                "recovery_period_in_days": 35
              }
            ],
            "range_key": "sk",
            "read_capacity": 0,
            "region": "us-east-1",
            "replica": [],
            "restore_date_time": null,
            "restore_source_name": null,
            "restore_source_table_arn": null,
            "restore_to_latest_time": null,
            "server_side_encryption": [],
            "stream_arn": "arn:aws:dynamodb:us-east-1:866934333672:table/order-system-orders/stream/2026-01-18T23:21:41.139",
            "stream_enabled": true,
            "stream_label": "2026-01-18T23:21:41.139",
            "stream_view_type": "NEW_AND_OLD_IMAGES",
            "table_class": "STANDARD",
            "tags": {},
            "tags_all": {
              "Owner": "manvith",
              "Project": "order-system"
            },
            "timeouts": null,
            "ttl": [
              {
                "attribute_name": "",
                "enabled": false
              }
            ],
            "warm_throughput": [],
            "write_capacity": 0
          },
          "sensitive_attributes": [],
          "identity_schema_version": 0,
          "private": "eyJlMmJmYjczMC1lY2FhLTExZTYtOGY4OC0zNDM2M2JjN2M0YzAiOnsiY3JlYXRlIjoxODAwMDAwMDAwMDAwLCJkZWxldGUiOjYwMDAwMDAwMDAwMCwidXBkYXRlIjozNjAwMDAwMDAwMDAwfSwic2NoZW1hX3ZlcnNpb24iOiIxIn0=",
          "create_before_destroy": true
        }
      ]
    },
    {
      "mode": "managed",
      "type": "aws_iam_role",
      "name": "lambda_exec",
      "provider": "provider[\"registry.terraform.io/hashicorp/aws\"]",
      "instances": [
        {
          "schema_version": 0,
          "attributes": {
            "arn": "arn:aws:iam::866934333672:role/order-system-lambda-exec",
            "assume_role_policy": "{\"Statement\":[{\"Action\":\"sts:AssumeRole\",\"Effect\":\"Allow\",\"Principal\":{\"Service\":\"lambda.amazonaws.com\"}}],\"Version\":\"2012-10-17\"}",
            "create_date": "2026-01-18T23:21:41Z",
            "description": "",
            "force_detach_policies": false,
            "id": "order-system-lambda-exec",
            "inline_policy": [
              {
                "name": "order-system-lambda-policy",
                "policy": "{\"Version\":\"2012-10-17\",\"Statement\":[{\"Action\":[\"logs:CreateLogGroup\",\"logs:CreateLogStream\",\"logs:PutLogEvents\"],\"Effect\":\"Allow\",\"Resource\":\"*\"},{\"Action\":[\"xray:PutTraceSegments\",\"xray:PutTelemetryRecords\"],\"Effect\":\"Allow\",\"Resource\":\"*\"},{\"Action\":[\"dynamodb:PutItem\",\"dynamodb:GetItem\",\"dynamodb:UpdateItem\",\"dynamodb:Query\",\"dynamodb:Scan\",\"dynamodb:DescribeTable\"],\"Effect\":\"Allow\",\"Resource\":[\"arn:aws:dynamodb:us-east-1:866934333672:table/order-system-orders\",\"arn:aws:dynamodb:us-east-1:866934333672:table/order-system-orders/index/*\"]},{\"Action\":[\"states:StartExecution\"],\"Effect\":\"Allow\",\"Resource\":[\"arn:aws:states:us-east-1:866934333672:stateMachine:order-system-order-workflow\"]},{\"Action\":[\"sqs:ReceiveMessage\",\"sqs:DeleteMessage\",\"sqs:GetQueueAttributes\",\"sqs:ChangeMessageVisibility\"],\"Effect\":\"Allow\",\"Resource\":[\"arn:aws:sqs:us-east-1:866934333672:order-system-order-queue\"]},{\"Action\":[\"lambda:InvokeFunction\"],\"Effect\":\"Allow\",\"Resource\":[\"arn:aws:lambda:us-east-1:866934333672:function:order-system-update-inventory\"]},{\"Action\":[\"sns:Publish\"],\"Effect\":\"Allow\",\"Resource\":[\"arn:aws:sns:us-east-1:866934333672:order-system-order-notifications\"]},{\"Action\":[\"states:SendTaskSuccess\",\"states:SendTaskFailure\",\"states:SendTaskHeartbeat\"],\"Effect\":\"Allow\",\"Resource\":\"*\"},{\"Action\":[\"cloudwatch:PutMetricData\"],\"Effect\":\"Allow\",\"Resource\":\"*\"}]}"
              }
            ],
            "managed_policy_arns": [],
            "max_session_duration": 3600,
            "name": "order-system-lambda-exec",
            "name_prefix": "",
            "path": "/",
            "permissions_boundary": "",
            "tags": {},
            "tags_all": {
              "Owner": "manvith",
              "Project": "order-system"
            },
            "unique_id": "AROA4TWKQEDUEZIQP5VCQ"
          },
          "sensitive_attributes": [],
          "identity_schema_version": 0,
          "identity": {
            "account_id": "866934333672",
            "name": "order-system-lambda-exec"
          },
          "private": "bnVsbA==",
          "create_before_destroy": true
        }
      ]
    },
    {
      "mode": "managed",
      "type": "aws_iam_role",
      "name": "sfn_exec",
      "provider": "provider[\"registry.terraform.io/hashicorp/aws\"]",
      "instances": [
        {
          "schema_version": 0,
          "attributes": {
            "arn": "arn:aws:iam::866934333672:role/order-system-sfn-exec",
            "assume_role_policy": "{\"Statement\":[{\"Action\":\"sts:AssumeRole\",\"Effect\":\"Allow\",\"Principal\":{\"Service\":\"states.amazonaws.com\"}}],\"Version\":\"2012-10-17\"}",
            "create_date": "2026-01-18T23:21:41Z",
            "description": "",
            "force_detach_policies": false,
            "id": "order-system-sfn-exec",
            "inline_policy": [
              {
                "name": "order-system-sfn-policy",
                "policy": "{\"Version\":\"2012-10-17\",\"Statement\":[{\"Action\":[\"sqs:SendMessage\"],\"Effect\":\"Allow\",\"Resource\":[\"arn:aws:sqs:us-east-1:866934333672:order-system-order-queue\"]},{\"Action\":[\"lambda:InvokeFunction\"],\"Effect\":\"Allow\",\"Resource\":[\"arn:aws:lambda:us-east-1:866934333672:function:order-system-send-notification\",\"arn:aws:lambda:us-east-1:866934333672:function:order-system-compensate-refund\",\"arn:aws:lambda:us-east-1:866934333672:function:order-system-compensate-restock\"]},{\"Action\":[\"xray:PutTraceSegments\",\"xray:PutTelemetryRecords\"],\"Effect\":\"Allow\",\"Resource\":\"*\"},{\"Action\":[\"logs:CreateLogDelivery\",\"logs:GetLogDelivery\",\"logs:UpdateLogDelivery\",\"logs:DeleteLogDelivery\",\"logs:ListLogDeliveries\",\"logs:PutResourcePolicy\",\"logs:DescribeResourcePolicies\",\"logs:DescribeLogGroups\"],\"Effect\":\"Allow\",\"Resource\":\"*\"}]}"
              }
            ],
            "managed_policy_arns": [],
            "max_session_duration": 3600,
            "name": "order-system-sfn-exec",
            "name_prefix": "",
            "path": "/",
            "permissions_boundary": "",
            "tags": {},
            "tags_all": {
              "Owner": "manvith",
              "Project": "order-system"
            },
            "unique_id": "AROA4TWKQEDUMPZKC3L5S"
          },
          "sensitive_attributes": [],
          "identity_schema_version": 0,
          "identity": {
            "account_id": "866934333672",
            "name": "order-system-sfn-exec"
          },
          "private": "bnVsbA==",
          "create_before_destroy": true
        }
      ]
    },
    {
      "mode": "managed",
      "type": "aws_iam_role_policy",
      "name": "lambda_policy",
      "provider": "provider[\"registry.terraform.io/hashicorp/aws\"]",
      "instances": [
        {
          "schema_version": 0,
          "attributes": {
            "id": "order-system-lambda-exec:order-system-lambda-policy",
            "name": "order-system-lambda-policy",
            "name_prefix": "",
            "policy": "{\"Version\":\"2012-10-17\",\"Statement\":[{\"Action\":[\"logs:CreateLogGroup\",\"logs:CreateLogStream\",\"logs:PutLogEvents\"],\"Effect\":\"Allow\",\"Resource\":\"*\"},{\"Action\":[\"xray:PutTraceSegments\",\"xray:PutTelemetryRecords\"],\"Effect\":\"Allow\",\"Resource\":\"*\"},{\"Action\":[\"dynamodb:PutItem\",\"dynamodb:GetItem\",\"dynamodb:UpdateItem\",\"dynamodb:Query\",\"dynamodb:Scan\",\"dynamodb:DescribeTable\"],\"Effect\":\"Allow\",\"Resource\":[\"arn:aws:dynamodb:us-east-1:866934333672:table/order-system-orders\",\"arn:aws:dynamodb:us-east-1:866934333672:table/order-system-orders/index/*\"]},{\"Action\":[\"states:StartExecution\"],\"Effect\":\"Allow\",\"Resource\":[\"arn:aws:states:us-east-1:866934333672:stateMachine:order-system-order-workflow\"]},{\"Action\":[\"sqs:ReceiveMessage\",\"sqs:DeleteMessage\",\"sqs:GetQueueAttributes\",\"sqs:ChangeMessageVisibility\"],\"Effect\":\"Allow\",\"Resource\":[\"arn:aws:sqs:us-east-1:866934333672:order-system-order-queue\"]},{\"Action\":[\"lambda:InvokeFunction\"],\"Effect\":\"Allow\",\"Resource\":[\"arn:aws:lambda:us-east-1:866934333672:function:order-system-update-inventory\"]},{\"Action\":[\"sns:Publish\"],\"Effect\":\"Allow\",\"Resource\":[\"arn:aws:sns:us-east-1:866934333672:order-system-order-notifications\"]},{\"Action\":[\"states:SendTaskSuccess\",\"states:SendTaskFailure\",\"states:SendTaskHeartbeat\"],\"Effect\":\"Allow\",\"Resource\":\"*\"},{\"Action\":[\"cloudwatch:PutMetricData\"],\"Effect\":\"Allow\",\"Resource\":\"*\"}]}",
            "role": "order-system-lambda-exec"
          },
          "sensitive_attributes": [],
          "identity_schema_version": 0,
          "identity": {
            "account_id": "866934333672",
            "name": "order-system-lambda-policy",
            "role": "order-system-lambda-exec"
          },
          "private": "bnVsbA==",
          "dependencies": [
            "aws_cloudwatch_log_group.sfn_lg",
            "aws_dynamodb_table.orders",
            "aws_iam_role.lambda_exec",
            "aws_iam_role.sfn_exec",
            "aws_lambda_function.compensate_refund",
            "aws_lambda_function.compensate_restock",
            "aws_lambda_function.send_notification",
            "aws_lambda_function.update_inventory",
            "aws_sfn_state_machine.order_workflow",
            "aws_sns_topic.order_notifications",
            "aws_sqs_queue.order_dlq",
            "aws_sqs_queue.order_queue",
            "data.archive_file.comp_refund_zip",
            "data.archive_file.comp_restock_zip",
            "data.archive_file.send_notification_zip",
            "data.archive_file.update_inventory_zip"
          ]
        }
      ]
    },
    {
      "mode": "managed",
      "type": "aws_iam_role_policy",
      "name": "sfn_policy",
      "provider": "provider[\"registry.terraform.io/hashicorp/aws\"]",
      "instances": [
        {
          "schema_version": 0,
          "attributes": {
            "id": "order-system-sfn-exec:order-system-sfn-policy",
            "name": "order-system-sfn-policy",
            "name_prefix": "",
            "policy": "{\"Version\":\"2012-10-17\",\"Statement\":[{\"Action\":[\"sqs:SendMessage\"],\"Effect\":\"Allow\",\"Resource\":[\"arn:aws:sqs:us-east-1:866934333672:order-system-order-queue\"]},{\"Action\":[\"lambda:InvokeFunction\"],\"Effect\":\"Allow\",\"Resource\":[\"arn:aws:lambda:us-east-1:866934333672:function:order-system-send-notification\",\"arn:aws:lambda:us-east-1:866934333672:function:order-system-compensate-refund\",\"arn:aws:lambda:us-east-1:866934333672:function:order-system-compensate-restock\"]},{\"Action\":[\"xray:PutTraceSegments\",\"xray:PutTelemetryRecords\"],\"Effect\":\"Allow\",\"Resource\":\"*\"},{\"Action\":[\"logs:CreateLogDelivery\",\"logs:GetLogDelivery\",\"logs:UpdateLogDelivery\",\"logs:DeleteLogDelivery\",\"logs:ListLogDeliveries\",\"logs:PutResourcePolicy\",\"logs:DescribeResourcePolicies\",\"logs:DescribeLogGroups\"],\"Effect\":\"Allow\",\"Resource\":\"*\"}]}",
            "role": "order-system-sfn-exec"
          },
          "sensitive_attributes": [],
          "identity_schema_version": 0,
          "identity": {
            "account_id": "866934333672",
            "name": "order-system-sfn-policy",
            "role": "order-system-sfn-exec"
          },
          "private": "bnVsbA==",
          "dependencies": [
            "aws_dynamodb_table.orders",
            "aws_iam_role.lambda_exec",
            "aws_iam_role.sfn_exec",
            "aws_lambda_function.compensate_refund",
            "aws_lambda_function.compensate_restock",
            "aws_lambda_function.send_notification",
            "aws_sns_topic.order_notifications",
            "aws_sqs_queue.order_dlq",
            "aws_sqs_queue.order_queue",
            "data.archive_file.comp_refund_zip",
            "data.archive_file.comp_restock_zip",
            "data.archive_file.send_notification_zip"
          ]
        }
      ]
    },
    {
      "mode": "managed",
      "type": "aws_lambda_event_source_mapping",
      "name": "sqs_to_process_payment",
      "provider": "provider[\"registry.terraform.io/hashicorp/aws\"]",
      "instances": [
        {
          "schema_version": 0,
          "attributes": {
            "amazon_managed_kafka_event_source_config": [],
            "arn": "arn:aws:lambda:us-east-1:866934333672:event-source-mapping:12514c36-c12b-4244-8271-1697d1ba8b09",
            "batch_size": 5,
            "bisect_batch_on_function_error": false,
            "destination_config": [],
            "document_db_event_source_config": [],
            "enabled": true,
            "event_source_arn": "arn:aws:sqs:us-east-1:866934333672:order-system-order-queue",
            "filter_criteria": [],
            "function_arn": "arn:aws:lambda:us-east-1:866934333672:function:order-system-process-payment",
            "function_name": "arn:aws:lambda:us-east-1:866934333672:function:order-system-process-payment",
            "function_response_types": [],
            "id": "12514c36-c12b-4244-8271-1697d1ba8b09",
            "kms_key_arn": "",
            "last_modified": "2026-01-18T23:23:04Z",
            "last_processing_result": "",
            "maximum_batching_window_in_seconds": 0,
            "maximum_record_age_in_seconds": 0,
            "maximum_retry_attempts": 0,
            "metrics_config": [],
            "parallelization_factor": 0,
            "provisioned_poller_config": [],
            "queues": [],
            "region": "us-east-1",
            "scaling_config": [],
            "self_managed_event_source": [],
            "self_managed_kafka_event_source_config": [],
            "source_access_configuration": [],
            "starting_position": "",
            "starting_position_timestamp": "",
            "state": "Enabled",
            "state_transition_reason": "USER_INITIATED",
            "tags": {},
            "tags_all": {
              "Owner": "manvith",
              "Project": "order-system"
            },
            "topics": [],
            "tumbling_window_in_seconds": 0,
            "uuid": "12514c36-c12b-4244-8271-1697d1ba8b09"
          },
          "sensitive_attributes": [],
          "identity_schema_version": 0,
          "private": "bnVsbA==",
          "dependencies": [
            "aws_dynamodb_table.orders",
            "aws_iam_role.lambda_exec",
            "aws_lambda_function.process_payment",
            "aws_lambda_function.update_inventory",
            "aws_sqs_queue.order_dlq",
            "aws_sqs_queue.order_queue",
            "data.archive_file.process_payment_zip",
            "data.archive_file.update_inventory_zip"
          ]
        }
      ]
    },
    {
      "mode": "managed",
      "type": "aws_lambda_function",
      "name": "compensate_refund",
      "provider": "provider[\"registry.terraform.io/hashicorp/aws\"]",
      "instances": [
        {
          "schema_version": 0,
          "attributes": {
            "architectures": [
              "x86_64"
            ],
            "arn": "arn:aws:lambda:us-east-1:866934333672:function:order-system-compensate-refund",
            "capacity_provider_config": [],
            "code_sha256": "wMcehe5hx1rACqxqCn2ibSMWBOvMDBlMiq8eDfwRp+0=",
            "code_signing_config_arn": "",
            "dead_letter_config": [],
            "description": "",
            "durable_config": [],
            "environment": [
              {
                "variables": {
                  "ORDERS_TABLE": "order-system-orders"
                }
              }
            ],
            "ephemeral_storage": [
              {
                "size": 512
              }
            ],
            "file_system_config": [],
            "filename": "./../build/compensate_refund.zip",
            "function_name": "order-system-compensate-refund",
            "handler": "handler.lambda_handler",
            "id": "order-system-compensate-refund",
            "image_config": [],
            "image_uri": "",
            "invoke_arn": "arn:aws:apigateway:us-east-1:lambda:path/2015-03-31/functions/arn:aws:lambda:us-east-1:866934333672:function:order-system-compensate-refund/invocations",
            "kms_key_arn": "",
            "last_modified": "2026-01-18T23:22:17.406+0000",
            "layers": [],
            "logging_config": [
              {
                "application_log_level": "",
                "log_format": "Text",
                "log_group": "/aws/lambda/order-system-compensate-refund",
                "system_log_level": ""
              }
            ],
            "memory_size": 256,
            "package_type": "Zip",
            "publish": false,
            "publish_to": null,
            "qualified_arn": "arn:aws:lambda:us-east-1:866934333672:function:order-system-compensate-refund:$LATEST",
            "qualified_invoke_arn": "arn:aws:apigateway:us-east-1:lambda:path/2015-03-31/functions/arn:aws:lambda:us-east-1:866934333672:function:order-system-compensate-refund:$LATEST/invocations",
            "region": "us-east-1",
            "replace_security_groups_on_destroy": null,
            "replacement_security_group_ids": null,
            "reserved_concurrent_executions": -1,
            "response_streaming_invoke_arn": "arn:aws:apigateway:us-east-1:lambda:path/2021-11-15/functions/arn:aws:lambda:us-east-1:866934333672:function:order-system-compensate-refund/response-streaming-invocations",
            "role": "arn:aws:iam::866934333672:role/order-system-lambda-exec",
            "runtime": "python3.11",
            "s3_bucket": null,
            "s3_key": null,
            "s3_object_version": null,
            "signing_job_arn": "",
            "signing_profile_version_arn": "",
            "skip_destroy": false,
            "snap_start": [],
            "source_code_hash": "wMcehe5hx1rACqxqCn2ibSMWBOvMDBlMiq8eDfwRp+0=",
            "source_code_size": 550,
            "source_kms_key_arn": "",
            "tags": {},
            "tags_all": {
              "Owner": "manvith",
              "Project": "order-system"
            },
            "tenancy_config": [],
            "timeout": 10,
            "timeouts": null,
            "tracing_config": [
              {
                "mode": "Active"
              }
            ],
            "version": "$LATEST",
            "vpc_config": []
          },
          "sensitive_attributes": [],
          "identity_schema_version": 0,
          "identity": {
            "account_id": "866934333672",
            "function_name": "order-system-compensate-refund",
            "region": "us-east-1"
          },
          "private": "eyJlMmJmYjczMC1lY2FhLTExZTYtOGY4OC0zNDM2M2JjN2M0YzAiOnsiY3JlYXRlIjo2MDAwMDAwMDAwMDAsImRlbGV0ZSI6NjAwMDAwMDAwMDAwLCJ1cGRhdGUiOjYwMDAwMDAwMDAwMH19",
          "dependencies": [
            "aws_dynamodb_table.orders",
            "aws_iam_role.lambda_exec",
            "data.archive_file.comp_refund_zip"
          ],
          "create_before_destroy": true
        }
      ]
    },
    {
      "mode": "managed",
      "type": "aws_lambda_function",
      "name": "compensate_restock",
      "provider": "provider[\"registry.terraform.io/hashicorp/aws\"]",
      "instances": [
        {
          "schema_version": 0,
          "attributes": {
            "architectures": [
              "x86_64"
            ],
            "arn": "arn:aws:lambda:us-east-1:866934333672:function:order-system-compensate-restock",
            "capacity_provider_config": [],
            "code_sha256": "oSPgN2Ii3TexhHlvRYWuchINmD3KLv2y/+fUzCv+atk=",
            "code_signing_config_arn": "",
            "dead_letter_config": [],
            "description": "",
            "durable_config": [],
            "environment": [
              {
                "variables": {
                  "ORDERS_TABLE": "order-system-orders"
                }
              }
            ],
            "ephemeral_storage": [
              {
                "size": 512
              }
            ],
            "file_system_config": [],
            "filename": "./../build/compensate_restock.zip",
            "function_name": "order-system-compensate-restock",
            "handler": "handler.lambda_handler",
            "id": "order-system-compensate-restock",
            "image_config": [],
            "image_uri": "",
            "invoke_arn": "arn:aws:apigateway:us-east-1:lambda:path/2015-03-31/functions/arn:aws:lambda:us-east-1:866934333672:function:order-system-compensate-restock/invocations",
            "kms_key_arn": "",
            "last_modified": "2026-01-18T23:22:42.138+0000",
            "layers": [],
            "logging_config": [
              {
                "application_log_level": "",
                "log_format": "Text",
                "log_group": "/aws/lambda/order-system-compensate-restock",
                "system_log_level": ""
              }
            ],
            "memory_size": 256,
            "package_type": "Zip",
            "publish": false,
            "publish_to": null,
            "qualified_arn": "arn:aws:lambda:us-east-1:866934333672:function:order-system-compensate-restock:$LATEST",
            "qualified_invoke_arn": "arn:aws:apigateway:us-east-1:lambda:path/2015-03-31/functions/arn:aws:lambda:us-east-1:866934333672:function:order-system-compensate-restock:$LATEST/invocations",
            "region": "us-east-1",
            "replace_security_groups_on_destroy": null,
            "replacement_security_group_ids": null,
            "reserved_concurrent_executions": -1,
            "response_streaming_invoke_arn": "arn:aws:apigateway:us-east-1:lambda:path/2021-11-15/functions/arn:aws:lambda:us-east-1:866934333672:function:order-system-compensate-restock/response-streaming-invocations",
            "role": "arn:aws:iam::866934333672:role/order-system-lambda-exec",
            "runtime": "python3.11",
            "s3_bucket": null,
            "s3_key": null,
            "s3_object_version": null,
            "signing_job_arn": "",
            "signing_profile_version_arn": "",
            "skip_destroy": false,
            "snap_start": [],
            "source_code_hash": "oSPgN2Ii3TexhHlvRYWuchINmD3KLv2y/+fUzCv+atk=",
            "source_code_size": 554,
            "source_kms_key_arn": "",
            "tags": {},
            "tags_all": {
              "Owner": "manvith",
              "Project": "order-system"
            },
            "tenancy_config": [],
            "timeout": 10,
            "timeouts": null,
            "tracing_config": [
              {
                "mode": "Active"
              }
            ],
            "version": "$LATEST",
            "vpc_config": []
          },
          "sensitive_attributes": [],
          "identity_schema_version": 0,
          "identity": {
            "account_id": "866934333672",
            "function_name": "order-system-compensate-restock",
            "region": "us-east-1"
          },
          "private": "eyJlMmJmYjczMC1lY2FhLTExZTYtOGY4OC0zNDM2M2JjN2M0YzAiOnsiY3JlYXRlIjo2MDAwMDAwMDAwMDAsImRlbGV0ZSI6NjAwMDAwMDAwMDAwLCJ1cGRhdGUiOjYwMDAwMDAwMDAwMH19",
          "dependencies": [
            "aws_dynamodb_table.orders",
            "aws_iam_role.lambda_exec",
            "data.archive_file.comp_restock_zip"
          ],
          "create_before_destroy": true
        }
      ]
    },
    {
      "mode": "managed",
      "type": "aws_lambda_function",
      "name": "create_order",
      "provider": "provider[\"registry.terraform.io/hashicorp/aws\"]",
      "instances": [
        {
          "schema_version": 0,
          "attributes": {
            "architectures": [
              "x86_64"
            ],
            "arn": "arn:aws:lambda:us-east-1:866934333672:function:order-system-create-order",
            "capacity_provider_config": [],
            "code_sha256": "ztzIBfX/nAq1gRI1zxPe69vz+/FQteb4JCSzxjnn6HE=",
            "code_signing_config_arn": "",
            "dead_letter_config": [],
            "description": "",
            "durable_config": [],
            "environment": [
              {
                "variables": {
                  "ORDERS_TABLE": "order-system-orders",
                  "STATE_MACHINE_ARN": "arn:aws:states:us-east-1:866934333672:stateMachine:order-system-order-workflow"
                }
              }
            ],
            "ephemeral_storage": [
              {
                "size": 512
              }
            ],
            "file_system_config": [],
            "filename": "./../build/create_order.zip",
            "function_name": "order-system-create-order",
            "handler": "handler.lambda_handler",
            "id": "order-system-create-order",
            "image_config": [],
            "image_uri": "",
            "invoke_arn": "arn:aws:apigateway:us-east-1:lambda:path/2015-03-31/functions/arn:aws:lambda:us-east-1:866934333672:function:order-system-create-order/invocations",
            "kms_key_arn": "",
            "last_modified": "2026-01-18T23:23:00.650+0000",
            "layers": [],
            "logging_config": [
              {
                "application_log_level": "",
                "log_format": "Text",
                "log_group": "/aws/lambda/order-system-create-order",
                "system_log_level": ""
              }
            ],
            "memory_size": 256,
            "package_type": "Zip",
            "publish": false,
            "publish_to": null,
            "qualified_arn": "arn:aws:lambda:us-east-1:866934333672:function:order-system-create-order:$LATEST",
            "qualified_invoke_arn": "arn:aws:apigateway:us-east-1:lambda:path/2015-03-31/functions/arn:aws:lambda:us-east-1:866934333672:function:order-system-create-order:$LATEST/invocations",
            "region": "us-east-1",
            "replace_security_groups_on_destroy": null,
            "replacement_security_group_ids": null,
            "reserved_concurrent_executions": -1,
            "response_streaming_invoke_arn": "arn:aws:apigateway:us-east-1:lambda:path/2021-11-15/functions/arn:aws:lambda:us-east-1:866934333672:function:order-system-create-order/response-streaming-invocations",
            "role": "arn:aws:iam::866934333672:role/order-system-lambda-exec",
            "runtime": "python3.11",
            "s3_bucket": null,
            "s3_key": null,
            "s3_object_version": null,
            "signing_job_arn": "",
            "signing_profile_version_arn": "",
            "skip_destroy": false,
            "snap_start": [],
            "source_code_hash": "ztzIBfX/nAq1gRI1zxPe69vz+/FQteb4JCSzxjnn6HE=",
            "source_code_size": 1111,
            "source_kms_key_arn": "",
            "tags": {},
            "tags_all": {
              "Owner": "manvith",
              "Project": "order-system"
            },
            "tenancy_config": [],
            "timeout": 15,
            "timeouts": null,
            "tracing_config": [
              {
                "mode": "Active"
              }
            ],
            "version": "$LATEST",
            "vpc_config": []
          },
          "sensitive_attributes": [],
          "identity_schema_version": 0,
          "identity": {
            "account_id": "866934333672",
            "function_name": "order-system-create-order",
            "region": "us-east-1"
          },
          "private": "eyJlMmJmYjczMC1lY2FhLTExZTYtOGY4OC0zNDM2M2JjN2M0YzAiOnsiY3JlYXRlIjo2MDAwMDAwMDAwMDAsImRlbGV0ZSI6NjAwMDAwMDAwMDAwLCJ1cGRhdGUiOjYwMDAwMDAwMDAwMH19",
          "dependencies": [
            "aws_cloudwatch_log_group.sfn_lg",
            "aws_dynamodb_table.orders",
            "aws_iam_role.lambda_exec",
            "aws_iam_role.sfn_exec",
            "aws_lambda_function.compensate_refund",
            "aws_lambda_function.compensate_restock",
            "aws_lambda_function.send_notification",
            "aws_sfn_state_machine.order_workflow",
            "aws_sns_topic.order_notifications",
            "aws_sqs_queue.order_dlq",
            "aws_sqs_queue.order_queue",
            "data.archive_file.comp_refund_zip",
            "data.archive_file.comp_restock_zip",
            "data.archive_file.create_order_zip",
            "data.archive_file.send_notification_zip"
          ],
          "create_before_destroy": true
        }
      ]
    },
    {
      "mode": "managed",
      "type": "aws_lambda_function",
      "name": "get_order",
      "provider": "provider[\"registry.terraform.io/hashicorp/aws\"]",
      "instances": [
        {
          "schema_version": 0,
          "attributes": {
            "architectures": [
              "x86_64"
            ],
            "arn": "arn:aws:lambda:us-east-1:866934333672:function:order-system-get-order",
            "capacity_provider_config": [],
            "code_sha256": "Op4hW8xd1INdj4NxnKGXp5cvIvXnTsQdyWl/iOxo9fw=",
            "code_signing_config_arn": "",
            "dead_letter_config": [],
            "description": "",
            "durable_config": [],
            "environment": [
              {
                "variables": {
                  "ORDERS_TABLE": "order-system-orders"
                }
              }
            ],
            "ephemeral_storage": [
              {
                "size": 512
              }
            ],
            "file_system_config": [],
            "filename": "./../build/get_order.zip",
            "function_name": "order-system-get-order",
            "handler": "handler.lambda_handler",
            "id": "order-system-get-order",
            "image_config": [],
            "image_uri": "",
            "invoke_arn": "arn:aws:apigateway:us-east-1:lambda:path/2015-03-31/functions/arn:aws:lambda:us-east-1:866934333672:function:order-system-get-order/invocations",
            "kms_key_arn": "",
            "last_modified": "2026-01-18T23:22:35.984+0000",
            "layers": [],
            "logging_config": [
              {
                "application_log_level": "",
                "log_format": "Text",
                "log_group": "/aws/lambda/order-system-get-order",
                "system_log_level": ""
              }
            ],
            "memory_size": 256,
            "package_type": "Zip",
            "publish": false,
            "publish_to": null,
            "qualified_arn": "arn:aws:lambda:us-east-1:866934333672:function:order-system-get-order:$LATEST",
            "qualified_invoke_arn": "arn:aws:apigateway:us-east-1:lambda:path/2015-03-31/functions/arn:aws:lambda:us-east-1:866934333672:function:order-system-get-order:$LATEST/invocations",
            "region": "us-east-1",
            "replace_security_groups_on_destroy": null,
            "replacement_security_group_ids": null,
            "reserved_concurrent_executions": -1,
            "response_streaming_invoke_arn": "arn:aws:apigateway:us-east-1:lambda:path/2021-11-15/functions/arn:aws:lambda:us-east-1:866934333672:function:order-system-get-order/response-streaming-invocations",
            "role": "arn:aws:iam::866934333672:role/order-system-lambda-exec",
            "runtime": "python3.11",
            "s3_bucket": null,
            "s3_key": null,
            "s3_object_version": null,
            "signing_job_arn": "",
            "signing_profile_version_arn": "",
            "skip_destroy": false,
            "snap_start": [],
            "source_code_hash": "Op4hW8xd1INdj4NxnKGXp5cvIvXnTsQdyWl/iOxo9fw=",
            "source_code_size": 639,
            "source_kms_key_arn": "",
            "tags": {},
            "tags_all": {
              "Owner": "manvith",
              "Project": "order-system"
            },
            "tenancy_config": [],
            "timeout": 10,
            "timeouts": null,
            "tracing_config": [
              {
                "mode": "Active"
              }
            ],
            "version": "$LATEST",
            "vpc_config": []
          },
          "sensitive_attributes": [],
          "identity_schema_version": 0,
          "identity": {
            "account_id": "866934333672",
            "function_name": "order-system-get-order",
            "region": "us-east-1"
          },
          "private": "eyJlMmJmYjczMC1lY2FhLTExZTYtOGY4OC0zNDM2M2JjN2M0YzAiOnsiY3JlYXRlIjo2MDAwMDAwMDAwMDAsImRlbGV0ZSI6NjAwMDAwMDAwMDAwLCJ1cGRhdGUiOjYwMDAwMDAwMDAwMH19",
          "dependencies": [
            "aws_dynamodb_table.orders",
            "aws_iam_role.lambda_exec",
            "data.archive_file.get_order_zip"
          ],
          "create_before_destroy": true
        }
      ]
    },
    {
      "mode": "managed",
      "type": "aws_lambda_function",
      "name": "list_orders",
      "provider": "provider[\"registry.terraform.io/hashicorp/aws\"]",
      "instances": [
        {
          "schema_version": 0,
          "attributes": {
            "architectures": [
              "x86_64"
            ],
            "arn": "arn:aws:lambda:us-east-1:866934333672:function:order-system-list-orders",
            "capacity_provider_config": [],
            "code_sha256": "xRSPdh7a4g5KhSP0yTGtwbilbxagRvX0kOtzd7sNPao=",
            "code_signing_config_arn": "",
            "dead_letter_config": [],
            "description": "",
            "durable_config": [],
            "environment": [
              {
                "variables": {
                  "GSI_NAME": "gsi_status",
                  "ORDERS_TABLE": "order-system-orders"
                }
              }
            ],
            "ephemeral_storage": [
              {
                "size": 512
              }
            ],
            "file_system_config": [],
            "filename": "./../build/list_orders.zip",
            "function_name": "order-system-list-orders",
            "handler": "handler.lambda_handler",
            "id": "order-system-list-orders",
            "image_config": [],
            "image_uri": "",
            "invoke_arn": "arn:aws:apigateway:us-east-1:lambda:path/2015-03-31/functions/arn:aws:lambda:us-east-1:866934333672:function:order-system-list-orders/invocations",
            "kms_key_arn": "",
            "last_modified": "2026-01-18T23:22:48.242+0000",
            "layers": [],
            "logging_config": [
              {
                "application_log_level": "",
                "log_format": "Text",
                "log_group": "/aws/lambda/order-system-list-orders",
                "system_log_level": ""
              }
            ],
            "memory_size": 256,
            "package_type": "Zip",
            "publish": false,
            "publish_to": null,
            "qualified_arn": "arn:aws:lambda:us-east-1:866934333672:function:order-system-list-orders:$LATEST",
            "qualified_invoke_arn": "arn:aws:apigateway:us-east-1:lambda:path/2015-03-31/functions/arn:aws:lambda:us-east-1:866934333672:function:order-system-list-orders:$LATEST/invocations",
            "region": "us-east-1",
            "replace_security_groups_on_destroy": null,
            "replacement_security_group_ids": null,
            "reserved_concurrent_executions": -1,
            "response_streaming_invoke_arn": "arn:aws:apigateway:us-east-1:lambda:path/2021-11-15/functions/arn:aws:lambda:us-east-1:866934333672:function:order-system-list-orders/response-streaming-invocations",
            "role": "arn:aws:iam::866934333672:role/order-system-lambda-exec",
            "runtime": "python3.11",
            "s3_bucket": null,
            "s3_key": null,
            "s3_object_version": null,
            "signing_job_arn": "",
            "signing_profile_version_arn": "",
            "skip_destroy": false,
            "snap_start": [],
            "source_code_hash": "xRSPdh7a4g5KhSP0yTGtwbilbxagRvX0kOtzd7sNPao=",
            "source_code_size": 792,
            "source_kms_key_arn": "",
            "tags": {},
            "tags_all": {
              "Owner": "manvith",
              "Project": "order-system"
            },
            "tenancy_config": [],
            "timeout": 10,
            "timeouts": null,
            "tracing_config": [
              {
                "mode": "Active"
              }
            ],
            "version": "$LATEST",
            "vpc_config": []
          },
          "sensitive_attributes": [],
          "identity_schema_version": 0,
          "identity": {
            "account_id": "866934333672",
            "function_name": "order-system-list-orders",
            "region": "us-east-1"
          },
          "private": "eyJlMmJmYjczMC1lY2FhLTExZTYtOGY4OC0zNDM2M2JjN2M0YzAiOnsiY3JlYXRlIjo2MDAwMDAwMDAwMDAsImRlbGV0ZSI6NjAwMDAwMDAwMDAwLCJ1cGRhdGUiOjYwMDAwMDAwMDAwMH19",
          "dependencies": [
            "aws_dynamodb_table.orders",
            "aws_iam_role.lambda_exec",
            "data.archive_file.list_orders_zip"
          ],
          "create_before_destroy": true
        }
      ]
    },
    {
      "mode": "managed",
      "type": "aws_lambda_function",
      "name": "process_payment",
      "provider": "provider[\"registry.terraform.io/hashicorp/aws\"]",
      "instances": [
        {
          "schema_version": 0,
          "attributes": {
            "architectures": [
              "x86_64"
            ],
            "arn": "arn:aws:lambda:us-east-1:866934333672:function:order-system-process-payment",
            "capacity_provider_config": [],
            "code_sha256": "m2TcOlatfWYk0SINXUQx5eyqPIbzVVsELs9fav0J7is=",
            "code_signing_config_arn": "",
            "dead_letter_config": [],
            "description": "",
            "durable_config": [],
            "environment": [
              {
                "variables": {
                  "ORDERS_TABLE": "order-system-orders",
                  "UPDATE_INVENTORY_ARN": "arn:aws:lambda:us-east-1:866934333672:function:order-system-update-inventory"
                }
              }
            ],
            "ephemeral_storage": [
              {
                "size": 512
              }
            ],
            "file_system_config": [],
            "filename": "./../build/process_payment.zip",
            "function_name": "order-system-process-payment",
            "handler": "handler.lambda_handler",
            "id": "order-system-process-payment",
            "image_config": [],
            "image_uri": "",
            "invoke_arn": "arn:aws:apigateway:us-east-1:lambda:path/2015-03-31/functions/arn:aws:lambda:us-east-1:866934333672:function:order-system-process-payment/invocations",
            "kms_key_arn": "",
            "last_modified": "2026-01-18T23:22:54.300+0000",
            "layers": [],
            "logging_config": [
              {
                "application_log_level": "",
                "log_format": "Text",
                "log_group": "/aws/lambda/order-system-process-payment",
                "system_log_level": ""
              }
            ],
            "memory_size": 256,
            "package_type": "Zip",
            "publish": false,
            "publish_to": null,
            "qualified_arn": "arn:aws:lambda:us-east-1:866934333672:function:order-system-process-payment:$LATEST",
            "qualified_invoke_arn": "arn:aws:apigateway:us-east-1:lambda:path/2015-03-31/functions/arn:aws:lambda:us-east-1:866934333672:function:order-system-process-payment:$LATEST/invocations",
            "region": "us-east-1",
            "replace_security_groups_on_destroy": null,
            "replacement_security_group_ids": null,
            "reserved_concurrent_executions": -1,
            "response_streaming_invoke_arn": "arn:aws:apigateway:us-east-1:lambda:path/2021-11-15/functions/arn:aws:lambda:us-east-1:866934333672:function:order-system-process-payment/response-streaming-invocations",
            "role": "arn:aws:iam::866934333672:role/order-system-lambda-exec",
            "runtime": "python3.11",
            "s3_bucket": null,
            "s3_key": null,
            "s3_object_version": null,
            "signing_job_arn": "",
            "signing_profile_version_arn": "",
            "skip_destroy": false,
            "snap_start": [],
            "source_code_hash": "m2TcOlatfWYk0SINXUQx5eyqPIbzVVsELs9fav0J7is=",
            "source_code_size": 1161,
            "source_kms_key_arn": "",
            "tags": {},
            "tags_all": {
              "Owner": "manvith",
              "Project": "order-system"
            },
            "tenancy_config": [],
            "timeout": 30,
            "timeouts": null,
            "tracing_config": [
              {
                "mode": "Active"
              }
            ],
            "version": "$LATEST",
            "vpc_config": []
          },
          "sensitive_attributes": [],
          "identity_schema_version": 0,
          "identity": {
            "account_id": "866934333672",
            "function_name": "order-system-process-payment",
            "region": "us-east-1"
          },
          "private": "eyJlMmJmYjczMC1lY2FhLTExZTYtOGY4OC0zNDM2M2JjN2M0YzAiOnsiY3JlYXRlIjo2MDAwMDAwMDAwMDAsImRlbGV0ZSI6NjAwMDAwMDAwMDAwLCJ1cGRhdGUiOjYwMDAwMDAwMDAwMH19",
          "dependencies": [
            "aws_dynamodb_table.orders",
            "aws_iam_role.lambda_exec",
            "aws_lambda_function.update_inventory",
            "data.archive_file.process_payment_zip",
            "data.archive_file.update_inventory_zip"
          ]
        }
      ]
    },
    {
      "mode": "managed",
      "type": "aws_lambda_function",
      "name": "send_notification",
      "provider": "provider[\"registry.terraform.io/hashicorp/aws\"]",
      "instances": [
        {
          "schema_version": 0,
          "attributes": {
            "architectures": [
              "x86_64"
            ],
            "arn": "arn:aws:lambda:us-east-1:866934333672:function:order-system-send-notification",
            "capacity_provider_config": [],
            "code_sha256": "bZaKy3WbJM3yqeUL/RXnwceydXLPHOMMwubZwIb2oJo=",
            "code_signing_config_arn": "",
            "dead_letter_config": [],
            "description": "",
            "durable_config": [],
            "environment": [
              {
                "variables": {
                  "ORDERS_TABLE": "order-system-orders",
                  "TOPIC_ARN": "arn:aws:sns:us-east-1:866934333672:order-system-order-notifications"
                }
              }
            ],
            "ephemeral_storage": [
              {
                "size": 512
              }
            ],
            "file_system_config": [],
            "filename": "./../build/send_notification.zip",
            "function_name": "order-system-send-notification",
            "handler": "handler.lambda_handler",
            "id": "order-system-send-notification",
            "image_config": [],
            "image_uri": "",
            "invoke_arn": "arn:aws:apigateway:us-east-1:lambda:path/2015-03-31/functions/arn:aws:lambda:us-east-1:866934333672:function:order-system-send-notification/invocations",
            "kms_key_arn": "",
            "last_modified": "2026-01-18T23:22:29.909+0000",
            "layers": [],
            "logging_config": [
              {
                "application_log_level": "",
                "log_format": "Text",
                "log_group": "/aws/lambda/order-system-send-notification",
                "system_log_level": ""
              }
            ],
            "memory_size": 256,
            "package_type": "Zip",
            "publish": false,
            "publish_to": null,
            "qualified_arn": "arn:aws:lambda:us-east-1:866934333672:function:order-system-send-notification:$LATEST",
            "qualified_invoke_arn": "arn:aws:apigateway:us-east-1:lambda:path/2015-03-31/functions/arn:aws:lambda:us-east-1:866934333672:function:order-system-send-notification:$LATEST/invocations",
            "region": "us-east-1",
            "replace_security_groups_on_destroy": null,
            "replacement_security_group_ids": null,
            "reserved_concurrent_executions": -1,
            "response_streaming_invoke_arn": "arn:aws:apigateway:us-east-1:lambda:path/2021-11-15/functions/arn:aws:lambda:us-east-1:866934333672:function:order-system-send-notification/response-streaming-invocations",
            "role": "arn:aws:iam::866934333672:role/order-system-lambda-exec",
            "runtime": "python3.11",
            "s3_bucket": null,
            "s3_key": null,
            "s3_object_version": null,
            "signing_job_arn": "",
            "signing_profile_version_arn": "",
            "skip_destroy": false,
            "snap_start": [],
            "source_code_hash": "bZaKy3WbJM3yqeUL/RXnwceydXLPHOMMwubZwIb2oJo=",
            "source_code_size": 677,
            "source_kms_key_arn": "",
            "tags": {},
            "tags_all": {
              "Owner": "manvith",
              "Project": "order-system"
            },
            "tenancy_config": [],
            "timeout": 10,
            "timeouts": null,
            "tracing_config": [
              {
                "mode": "Active"
              }
            ],
            "version": "$LATEST",
            "vpc_config": []
          },
          "sensitive_attributes": [],
          "identity_schema_version": 0,
          "identity": {
            "account_id": "866934333672",
            "function_name": "order-system-send-notification",
            "region": "us-east-1"
          },
          "private": "eyJlMmJmYjczMC1lY2FhLTExZTYtOGY4OC0zNDM2M2JjN2M0YzAiOnsiY3JlYXRlIjo2MDAwMDAwMDAwMDAsImRlbGV0ZSI6NjAwMDAwMDAwMDAwLCJ1cGRhdGUiOjYwMDAwMDAwMDAwMH19",
          "dependencies": [
            "aws_dynamodb_table.orders",
            "aws_iam_role.lambda_exec",
            "aws_sns_topic.order_notifications",
            "data.archive_file.send_notification_zip"
          ],
          "create_before_destroy": true
        }
      ]
    },
    {
      "mode": "managed",
      "type": "aws_lambda_function",
      "name": "update_inventory",
      "provider": "provider[\"registry.terraform.io/hashicorp/aws\"]",
      "instances": [
        {
          "schema_version": 0,
          "attributes": {
            "architectures": [
              "x86_64"
            ],
            "arn": "arn:aws:lambda:us-east-1:866934333672:function:order-system-update-inventory",
            "capacity_provider_config": [],
            "code_sha256": "5fBLrU8OFl3FcZRGMeFSGDaSB0ZmZAOb0U032ttrpa4=",
            "code_signing_config_arn": "",
            "dead_letter_config": [],
            "description": "",
            "durable_config": [],
            "environment": [
              {
                "variables": {
                  "ORDERS_TABLE": "order-system-orders"
                }
              }
            ],
            "ephemeral_storage": [
              {
                "size": 512
              }
            ],
            "file_system_config": [],
            "filename": "./../build/update_inventory.zip",
            "function_name": "order-system-update-inventory",
            "handler": "handler.lambda_handler",
            "id": "order-system-update-inventory",
            "image_config": [],
            "image_uri": "",
            "invoke_arn": "arn:aws:apigateway:us-east-1:lambda:path/2015-03-31/functions/arn:aws:lambda:us-east-1:866934333672:function:order-system-update-inventory/invocations",
            "kms_key_arn": "",
            "last_modified": "2026-01-18T23:22:23.742+0000",
            "layers": [],
            "logging_config": [
              {
                "application_log_level": "",
                "log_format": "Text",
                "log_group": "/aws/lambda/order-system-update-inventory",
                "system_log_level": ""
              }
            ],
            "memory_size": 256,
            "package_type": "Zip",
            "publish": false,
            "publish_to": null,
            "qualified_arn": "arn:aws:lambda:us-east-1:866934333672:function:order-system-update-inventory:$LATEST",
            "qualified_invoke_arn": "arn:aws:apigateway:us-east-1:lambda:path/2015-03-31/functions/arn:aws:lambda:us-east-1:866934333672:function:order-system-update-inventory:$LATEST/invocations",
            "region": "us-east-1",
            "replace_security_groups_on_destroy": null,
            "replacement_security_group_ids": null,
            "reserved_concurrent_executions": -1,
            "response_streaming_invoke_arn": "arn:aws:apigateway:us-east-1:lambda:path/2021-11-15/functions/arn:aws:lambda:us-east-1:866934333672:function:order-system-update-inventory/response-streaming-invocations",
            "role": "arn:aws:iam::866934333672:role/order-system-lambda-exec",
            "runtime": "python3.11",
            "s3_bucket": null,
            "s3_key": null,
            "s3_object_version": null,
            "signing_job_arn": "",
            "signing_profile_version_arn": "",
            "skip_destroy": false,
            "snap_start": [],
            "source_code_hash": "5fBLrU8OFl3FcZRGMeFSGDaSB0ZmZAOb0U032ttrpa4=",
            "source_code_size": 621,
            "source_kms_key_arn": "",
            "tags": {},
            "tags_all": {
              "Owner": "manvith",
              "Project": "order-system"
            },
            "tenancy_config": [],
            "timeout": 10,
            "timeouts": null,
            "tracing_config": [
              {
                "mode": "Active"
              }
            ],
            "version": "$LATEST",
            "vpc_config": []
          },
          "sensitive_attributes": [],
          "identity_schema_version": 0,
          "identity": {
            "account_id": "866934333672",
            "function_name": "order-system-update-inventory",
            "region": "us-east-1"
          },
          "private": "eyJlMmJmYjczMC1lY2FhLTExZTYtOGY4OC0zNDM2M2JjN2M0YzAiOnsiY3JlYXRlIjo2MDAwMDAwMDAwMDAsImRlbGV0ZSI6NjAwMDAwMDAwMDAwLCJ1cGRhdGUiOjYwMDAwMDAwMDAwMH19",
          "dependencies": [
            "aws_dynamodb_table.orders",
            "aws_iam_role.lambda_exec",
            "data.archive_file.update_inventory_zip"
          ]
        }
      ]
    },
    {
      "mode": "managed",
      "type": "aws_sfn_state_machine",
      "name": "order_workflow",
      "provider": "provider[\"registry.terraform.io/hashicorp/aws\"]",
      "instances": [
        {
          "schema_version": 0,
          "attributes": {
            "arn": "arn:aws:states:us-east-1:866934333672:stateMachine:order-system-order-workflow",
            "creation_date": "2026-01-18T23:22:56Z",
            "definition": "{\"Comment\":\"SQS callback workflow: SFN waits while consumer processes.\",\"StartAt\":\"EnqueueToSQS\",\"States\":{\"DoneWithNotifyError\":{\"End\":true,\"Type\":\"Pass\"},\"EnqueueToSQS\":{\"Catch\":[{\"ErrorEquals\":[\"PaymentFailed\"],\"Next\":\"Refund\"},{\"ErrorEquals\":[\"InventoryFailed\"],\"Next\":\"Refund\"},{\"ErrorEquals\":[\"States.Timeout\"],\"Next\":\"Refund\"},{\"ErrorEquals\":[\"States.ALL\"],\"Next\":\"Refund\"}],\"Next\":\"SendNotification\",\"Parameters\":{\"MessageBody\":{\"orderId.$\":\"$.orderId\",\"payload.$\":\"$\",\"taskToken.$\":\"$$.Task.Token\"},\"QueueUrl\":\"https://sqs.us-east-1.amazonaws.com/866934333672/order-system-order-queue\"},\"Resource\":\"arn:aws:states:::sqs:sendMessage.waitForTaskToken\",\"TimeoutSeconds\":300,\"Type\":\"Task\"},\"FailState\":{\"Cause\":\"Compensation executed\",\"Error\":\"OrderFailed\",\"Type\":\"Fail\"},\"Refund\":{\"Next\":\"Restock\",\"Resource\":\"arn:aws:lambda:us-east-1:866934333672:function:order-system-compensate-refund\",\"Type\":\"Task\"},\"Restock\":{\"Next\":\"FailState\",\"Resource\":\"arn:aws:lambda:us-east-1:866934333672:function:order-system-compensate-restock\",\"Type\":\"Task\"},\"SendNotification\":{\"Catch\":[{\"ErrorEquals\":[\"States.ALL\"],\"Next\":\"DoneWithNotifyError\"}],\"End\":true,\"Resource\":\"arn:aws:lambda:us-east-1:866934333672:function:order-system-send-notification\",\"Retry\":[{\"BackoffRate\":2,\"ErrorEquals\":[\"States.ALL\"],\"IntervalSeconds\":2,\"MaxAttempts\":3}],\"Type\":\"Task\"}}}",
            "description": "",
            "encryption_configuration": [
              {
                "kms_data_key_reuse_period_seconds": 0,
                "kms_key_id": "",
                "type": "AWS_OWNED_KEY"
              }
            ],
            "id": "arn:aws:states:us-east-1:866934333672:stateMachine:order-system-order-workflow",
            "logging_configuration": [
              {
                "include_execution_data": true,
                "level": "ALL",
                "log_destination": "arn:aws:logs:us-east-1:866934333672:log-group:/aws/vendedlogs/states/order-system-order-workflow:*"
              }
            ],
            "name": "order-system-order-workflow",
            "name_prefix": "",
            "publish": false,
            "region": "us-east-1",
            "revision_id": "",
            "role_arn": "arn:aws:iam::866934333672:role/order-system-sfn-exec",
            "state_machine_version_arn": "",
            "status": "ACTIVE",
            "tags": {},
            "tags_all": {
              "Owner": "manvith",
              "Project": "order-system"
            },
            "timeouts": null,
            "tracing_configuration": [
              {
                "enabled": true
              }
            ],
            "type": "STANDARD",
            "version_description": null
          },
          "sensitive_attributes": [],
          "identity_schema_version": 0,
          "identity": {
            "arn": "arn:aws:states:us-east-1:866934333672:stateMachine:order-system-order-workflow"
          },
          "private": "eyJlMmJmYjczMC1lY2FhLTExZTYtOGY4OC0zNDM2M2JjN2M0YzAiOnsiY3JlYXRlIjozMDAwMDAwMDAwMDAsImRlbGV0ZSI6MzAwMDAwMDAwMDAwLCJ1cGRhdGUiOjYwMDAwMDAwMDAwfX0=",
          "dependencies": [
            "aws_cloudwatch_log_group.sfn_lg",
            "aws_dynamodb_table.orders",
            "aws_iam_role.lambda_exec",
            "aws_iam_role.sfn_exec",
            "aws_lambda_function.compensate_refund",
            "aws_lambda_function.compensate_restock",
            "aws_lambda_function.send_notification",
            "aws_sns_topic.order_notifications",
            "aws_sqs_queue.order_dlq",
            "aws_sqs_queue.order_queue",
            "data.archive_file.comp_refund_zip",
            "data.archive_file.comp_restock_zip",
            "data.archive_file.send_notification_zip"
          ],
          "create_before_destroy": true
        }
      ]
    },
    {
      "mode": "managed",
      "type": "aws_sns_topic",
      "name": "order_notifications",
      "provider": "provider[\"registry.terraform.io/hashicorp/aws\"]",
      "instances": [
        {
          "schema_version": 0,
          "attributes": {
            "application_failure_feedback_role_arn": "",
            "application_success_feedback_role_arn": "",
            "application_success_feedback_sample_rate": 0,
            "archive_policy": "",
            "arn": "arn:aws:sns:us-east-1:866934333672:order-system-order-notifications",
            "beginning_archive_time": "",
            "content_based_deduplication": false,
            "delivery_policy": "",
            "display_name": "",
            "fifo_throughput_scope": "",
            "fifo_topic": false,
            "firehose_failure_feedback_role_arn": "",
            "firehose_success_feedback_role_arn": "",
            "firehose_success_feedback_sample_rate": 0,
            "http_failure_feedback_role_arn": "",
            "http_success_feedback_role_arn": "",
            "http_success_feedback_sample_rate": 0,
            "id": "arn:aws:sns:us-east-1:866934333672:order-system-order-notifications",
            "kms_master_key_id": "",
            "lambda_failure_feedback_role_arn": "",
            "lambda_success_feedback_role_arn": "",
            "lambda_success_feedback_sample_rate": 0,
            "name": "order-system-order-notifications",
            "name_prefix": "",
            "owner": "866934333672",
            "policy": "{\"Id\":\"__default_policy_ID\",\"Statement\":[{\"Action\":[\"SNS:GetTopicAttributes\",\"SNS:SetTopicAttributes\",\"SNS:AddPermission\",\"SNS:RemovePermission\",\"SNS:DeleteTopic\",\"SNS:Subscribe\",\"SNS:ListSubscriptionsByTopic\",\"SNS:Publish\"],\"Condition\":{\"StringEquals\":{\"AWS:SourceOwner\":\"866934333672\"}},\"Effect\":\"Allow\",\"Principal\":{\"AWS\":\"*\"},\"Resource\":\"arn:aws:sns:us-east-1:866934333672:order-system-order-notifications\",\"Sid\":\"__default_statement_ID\"}],\"Version\":\"2008-10-17\"}",
            "region": "us-east-1",
            "signature_version": 0,
            "sqs_failure_feedback_role_arn": "",
            "sqs_success_feedback_role_arn": "",
            "sqs_success_feedback_sample_rate": 0,
            "tags": {},
            "tags_all": {
              "Owner": "manvith",
              "Project": "order-system"
            },
            "tracing_config": ""
          },
          "sensitive_attributes": [],
          "identity_schema_version": 0,
          "identity": {
            "arn": "arn:aws:sns:us-east-1:866934333672:order-system-order-notifications"
          },
          "private": "bnVsbA==",
          "create_before_destroy": true
        }
      ]
    },
    {
      "mode": "managed",
      "type": "aws_sns_topic_subscription",
      "name": "email_sub",
      "provider": "provider[\"registry.terraform.io/hashicorp/aws\"]",
      "instances": [
        {
          "schema_version": 0,
          "attributes": {
            "arn": "arn:aws:sns:us-east-1:866934333672:order-system-order-notifications:1d274c36-2941-4d69-9873-85e548de31f5",
            "confirmation_timeout_in_minutes": 1,
            "confirmation_was_authenticated": false,
            "delivery_policy": "",
            "endpoint": "manvith.katkuri@techconsulting.tech",
            "endpoint_auto_confirms": false,
            "filter_policy": "",
            "filter_policy_scope": "",
            "id": "arn:aws:sns:us-east-1:866934333672:order-system-order-notifications:1d274c36-2941-4d69-9873-85e548de31f5",
            "owner_id": "866934333672",
            "pending_confirmation": true,
            "protocol": "email",
            "raw_message_delivery": false,
            "redrive_policy": "",
            "region": "us-east-1",
            "replay_policy": "",
            "subscription_role_arn": "",
            "topic_arn": "arn:aws:sns:us-east-1:866934333672:order-system-order-notifications"
          },
          "sensitive_attributes": [],
          "identity_schema_version": 0,
          "identity": {
            "arn": "arn:aws:sns:us-east-1:866934333672:order-system-order-notifications:1d274c36-2941-4d69-9873-85e548de31f5"
          },
          "private": "bnVsbA==",
          "dependencies": [
            "aws_sns_topic.order_notifications"
          ]
        }
      ]
    },
    {
      "mode": "managed",
      "type": "aws_sqs_queue",
      "name": "order_dlq",
      "provider": "provider[\"registry.terraform.io/hashicorp/aws\"]",
      "instances": [
        {
          "schema_version": 0,
          "attributes": {
            "arn": "arn:aws:sqs:us-east-1:866934333672:order-system-order-dlq",
            "content_based_deduplication": false,
            "deduplication_scope": "",
            "delay_seconds": 0,
            "fifo_queue": false,
            "fifo_throughput_limit": "",
            "id": "https://sqs.us-east-1.amazonaws.com/866934333672/order-system-order-dlq",
            "kms_data_key_reuse_period_seconds": 300,
            "kms_master_key_id": "",
            "max_message_size": 262144,
            "message_retention_seconds": 1209600,
            "name": "order-system-order-dlq",
            "name_prefix": "",
            "policy": "",
            "receive_wait_time_seconds": 0,
            "redrive_allow_policy": "",
            "redrive_policy": "",
            "region": "us-east-1",
            "sqs_managed_sse_enabled": true,
            "tags": {},
            "tags_all": {
              "Owner": "manvith",
              "Project": "order-system"
            },
            "timeouts": null,
            "url": "https://sqs.us-east-1.amazonaws.com/866934333672/order-system-order-dlq",
            "visibility_timeout_seconds": 30
          },
          "sensitive_attributes": [],
          "identity_schema_version": 1,
          "identity": {
            "url": "https://sqs.us-east-1.amazonaws.com/866934333672/order-system-order-dlq"
          },
          "private": "eyJlMmJmYjczMC1lY2FhLTExZTYtOGY4OC0zNDM2M2JjN2M0YzAiOnsiY3JlYXRlIjoxODAwMDAwMDAwMDAsImRlbGV0ZSI6MTgwMDAwMDAwMDAwLCJ1cGRhdGUiOjE4MDAwMDAwMDAwMH19",
          "create_before_destroy": true
        }
      ]
    },
    {
      "mode": "managed",
      "type": "aws_sqs_queue",
      "name": "order_queue",
      "provider": "provider[\"registry.terraform.io/hashicorp/aws\"]",
      "instances": [
        {
          "schema_version": 0,
          "attributes": {
            "arn": "arn:aws:sqs:us-east-1:866934333672:order-system-order-queue",
            "content_based_deduplication": false,
            "deduplication_scope": "",
            "delay_seconds": 0,
            "fifo_queue": false,
            "fifo_throughput_limit": "",
            "id": "https://sqs.us-east-1.amazonaws.com/866934333672/order-system-order-queue",
            "kms_data_key_reuse_period_seconds": 300,
            "kms_master_key_id": "",
            "max_message_size": 262144,
            "message_retention_seconds": 345600,
            "name": "order-system-order-queue",
            "name_prefix": "",
            "policy": "",
            "receive_wait_time_seconds": 0,
            "redrive_allow_policy": "",
            "redrive_policy": "{\"deadLetterTargetArn\":\"arn:aws:sqs:us-east-1:866934333672:order-system-order-dlq\",\"maxReceiveCount\":5}",
            "region": "us-east-1",
            "sqs_managed_sse_enabled": true,
            "tags": {},
            "tags_all": {
              "Owner": "manvith",
              "Project": "order-system"
            },
            "timeouts": null,
            "url": "https://sqs.us-east-1.amazonaws.com/866934333672/order-system-order-queue",
            "visibility_timeout_seconds": 60
          },
          "sensitive_attributes": [],
          "identity_schema_version": 1,
          "identity": {
            "url": "https://sqs.us-east-1.amazonaws.com/866934333672/order-system-order-queue"
          },
          "private": "eyJlMmJmYjczMC1lY2FhLTExZTYtOGY4OC0zNDM2M2JjN2M0YzAiOnsiY3JlYXRlIjoxODAwMDAwMDAwMDAsImRlbGV0ZSI6MTgwMDAwMDAwMDAwLCJ1cGRhdGUiOjE4MDAwMDAwMDAwMH19",
          "dependencies": [
            "aws_sqs_queue.order_dlq"
          ],
          "create_before_destroy": true
        }
      ]
    }
  ],
  "check_results": null
}
